// !$*UTF8*$!
{
	archiveVersion = 1;
	classes = {
	};
	objectVersion = 46;
	objects = {

/* Begin PBXBuildFile section */
		DAAD8E301AFB7E8300A28386 /* AppDelegate.swift in Sources */ = {isa = PBXBuildFile; fileRef = DAAD8E2F1AFB7E8300A28386 /* AppDelegate.swift */; };
		DAAD8E321AFB7E8300A28386 /* ViewController.swift in Sources */ = {isa = PBXBuildFile; fileRef = DAAD8E311AFB7E8300A28386 /* ViewController.swift */; };
		DAAD8E351AFB7E8300A28386 /* Main.storyboard in Resources */ = {isa = PBXBuildFile; fileRef = DAAD8E331AFB7E8300A28386 /* Main.storyboard */; };
		DAAD8E371AFB7E8300A28386 /* Images.xcassets in Resources */ = {isa = PBXBuildFile; fileRef = DAAD8E361AFB7E8300A28386 /* Images.xcassets */; };
		DAAD8E3A1AFB7E8300A28386 /* LaunchScreen.xib in Resources */ = {isa = PBXBuildFile; fileRef = DAAD8E381AFB7E8300A28386 /* LaunchScreen.xib */; };
		DAAD8E461AFB7E8300A28386 /* SwiftLeakTestTests.swift in Sources */ = {isa = PBXBuildFile; fileRef = DAAD8E451AFB7E8300A28386 /* SwiftLeakTestTests.swift */; };
/* End PBXBuildFile section */

/* Begin PBXContainerItemProxy section */
		DAAD8E401AFB7E8300A28386 /* PBXContainerItemProxy */ = {
			isa = PBXContainerItemProxy;
			containerPortal = DAAD8E221AFB7E8300A28386 /* Project object */;
			proxyType = 1;
			remoteGlobalIDString = DAAD8E291AFB7E8300A28386;
			remoteInfo = SwiftLeakTest;
		};
/* End PBXContainerItemProxy section */

/* Begin PBXFileReference section */
		DAAD8E2A1AFB7E8300A28386 /* SwiftLeakTest.app */ = {isa = PBXFileReference; explicitFileType = wrapper.application; includeInIndex = 0; path = SwiftLeakTest.app; sourceTree = BUILT_PRODUCTS_DIR; };
		DAAD8E2E1AFB7E8300A28386 /* Info.plist */ = {isa = PBXFileReference; lastKnownFileType = text.plist.xml; path = Info.plist; sourceTree = "<group>"; };
		DAAD8E2F1AFB7E8300A28386 /* AppDelegate.swift */ = {isa = PBXFileReference; lastKnownFileType = sourcecode.swift; path = AppDelegate.swift; sourceTree = "<group>"; };
		DAAD8E311AFB7E8300A28386 /* ViewController.swift */ = {isa = PBXFileReference; lastKnownFileType = sourcecode.swift; path = ViewController.swift; sourceTree = "<group>"; };
		DAAD8E341AFB7E8300A28386 /* Base */ = {isa = PBXFileReference; lastKnownFileType = file.storyboard; name = Base; path = Base.lproj/Main.storyboard; sourceTree = "<group>"; };
		DAAD8E361AFB7E8300A28386 /* Images.xcassets */ = {isa = PBXFileReference; lastKnownFileType = folder.assetcatalog; path = Images.xcassets; sourceTree = "<group>"; };
		DAAD8E391AFB7E8300A28386 /* Base */ = {isa = PBXFileReference; lastKnownFileType = file.xib; name = Base; path = Base.lproj/LaunchScreen.xib; sourceTree = "<group>"; };
		DAAD8E3F1AFB7E8300A28386 /* SwiftLeakTestTests.xctest */ = {isa = PBXFileReference; explicitFileType = wrapper.cfbundle; includeInIndex = 0; path = SwiftLeakTestTests.xctest; sourceTree = BUILT_PRODUCTS_DIR; };
		DAAD8E441AFB7E8300A28386 /* Info.plist */ = {isa = PBXFileReference; lastKnownFileType = text.plist.xml; path = Info.plist; sourceTree = "<group>"; };
		DAAD8E451AFB7E8300A28386 /* SwiftLeakTestTests.swift */ = {isa = PBXFileReference; lastKnownFileType = sourcecode.swift; path = SwiftLeakTestTests.swift; sourceTree = "<group>"; };
/* End PBXFileReference section */

/* Begin PBXFrameworksBuildPhase section */
		DAAD8E271AFB7E8300A28386 /* Frameworks */ = {
			isa = PBXFrameworksBuildPhase;
			buildActionMask = 2147483647;
			files = (
			);
			runOnlyForDeploymentPostprocessing = 0;
		};
		DAAD8E3C1AFB7E8300A28386 /* Frameworks */ = {
			isa = PBXFrameworksBuildPhase;
			buildActionMask = 2147483647;
			files = (
			);
			runOnlyForDeploymentPostprocessing = 0;
		};
/* End PBXFrameworksBuildPhase section */

/* Begin PBXGroup section */
		DAAD8E211AFB7E8300A28386 = {
			isa = PBXGroup;
			children = (
				DAAD8E2C1AFB7E8300A28386 /* SwiftLeakTest */,
				DAAD8E421AFB7E8300A28386 /* SwiftLeakTestTests */,
				DAAD8E2B1AFB7E8300A28386 /* Products */,
			);
			sourceTree = "<group>";
		};
		DAAD8E2B1AFB7E8300A28386 /* Products */ = {
			isa = PBXGroup;
			children = (
				DAAD8E2A1AFB7E8300A28386 /* SwiftLeakTest.app */,
				DAAD8E3F1AFB7E8300A28386 /* SwiftLeakTestTests.xctest */,
			);
			name = Products;
			sourceTree = "<group>";
		};
		DAAD8E2C1AFB7E8300A28386 /* SwiftLeakTest */ = {
			isa = PBXGroup;
			children = (
				DAAD8E2F1AFB7E8300A28386 /* AppDelegate.swift */,
				DAAD8E311AFB7E8300A28386 /* ViewController.swift */,
				DAAD8E331AFB7E8300A28386 /* Main.storyboard */,
				DAAD8E361AFB7E8300A28386 /* Images.xcassets */,
				DAAD8E381AFB7E8300A28386 /* LaunchScreen.xib */,
				DAAD8E2D1AFB7E8300A28386 /* Supporting Files */,
			);
			path = SwiftLeakTest;
			sourceTree = "<group>";
		};
		DAAD8E2D1AFB7E8300A28386 /* Supporting Files */ = {
			isa = PBXGroup;
			children = (
				DAAD8E2E1AFB7E8300A28386 /* Info.plist */,
			);
			name = "Supporting Files";
			sourceTree = "<group>";
		};
		DAAD8E421AFB7E8300A28386 /* SwiftLeakTestTests */ = {
			isa = PBXGroup;
			children = (
				DAAD8E451AFB7E8300A28386 /* SwiftLeakTestTests.swift */,
				DAAD8E431AFB7E8300A28386 /* Supporting Files */,
			);
			path = SwiftLeakTestTests;
			sourceTree = "<group>";
		};
		DAAD8E431AFB7E8300A28386 /* Supporting Files */ = {
			isa = PBXGroup;
			children = (
				DAAD8E441AFB7E8300A28386 /* Info.plist */,
			);
			name = "Supporting Files";
			sourceTree = "<group>";
		};
/* End PBXGroup section */

/* Begin PBXNativeTarget section */
		DAAD8E291AFB7E8300A28386 /* SwiftLeakTest */ = {
			isa = PBXNativeTarget;
			buildConfigurationList = DAAD8E491AFB7E8300A28386 /* Build configuration list for PBXNativeTarget "SwiftLeakTest" */;
			buildPhases = (
				DAAD8E261AFB7E8300A28386 /* Sources */,
				DAAD8E271AFB7E8300A28386 /* Frameworks */,
				DAAD8E281AFB7E8300A28386 /* Resources */,
			);
			buildRules = (
			);
			dependencies = (
			);
			name = SwiftLeakTest;
			productName = SwiftLeakTest;
			productReference = DAAD8E2A1AFB7E8300A28386 /* SwiftLeakTest.app */;
			productType = "com.apple.product-type.application";
		};
		DAAD8E3E1AFB7E8300A28386 /* SwiftLeakTestTests */ = {
			isa = PBXNativeTarget;
			buildConfigurationList = DAAD8E4C1AFB7E8300A28386 /* Build configuration list for PBXNativeTarget "SwiftLeakTestTests" */;
			buildPhases = (
				DAAD8E3B1AFB7E8300A28386 /* Sources */,
				DAAD8E3C1AFB7E8300A28386 /* Frameworks */,
				DAAD8E3D1AFB7E8300A28386 /* Resources */,
			);
			buildRules = (
			);
			dependencies = (
				DAAD8E411AFB7E8300A28386 /* PBXTargetDependency */,
			);
			name = SwiftLeakTestTests;
			productName = SwiftLeakTestTests;
			productReference = DAAD8E3F1AFB7E8300A28386 /* SwiftLeakTestTests.xctest */;
			productType = "com.apple.product-type.bundle.unit-test";
		};
/* End PBXNativeTarget section */

/* Begin PBXProject section */
		DAAD8E221AFB7E8300A28386 /* Project object */ = {
			isa = PBXProject;
			attributes = {
				LastSwiftUpdateCheck = 0710;
				LastUpgradeCheck = 0630;
				ORGANIZATIONNAME = "Dogstar Industries";
				TargetAttributes = {
					DAAD8E291AFB7E8300A28386 = {
						CreatedOnToolsVersion = 6.3.1;
					};
					DAAD8E3E1AFB7E8300A28386 = {
						CreatedOnToolsVersion = 6.3.1;
						TestTargetID = DAAD8E291AFB7E8300A28386;
					};
				};
			};
			buildConfigurationList = DAAD8E251AFB7E8300A28386 /* Build configuration list for PBXProject "SwiftLeakTest" */;
			compatibilityVersion = "Xcode 3.2";
			developmentRegion = English;
			hasScannedForEncodings = 0;
			knownRegions = (
				en,
				Base,
			);
			mainGroup = DAAD8E211AFB7E8300A28386;
			productRefGroup = DAAD8E2B1AFB7E8300A28386 /* Products */;
			projectDirPath = "";
			projectRoot = "";
			targets = (
				DAAD8E291AFB7E8300A28386 /* SwiftLeakTest */,
				DAAD8E3E1AFB7E8300A28386 /* SwiftLeakTestTests */,
			);
		};
/* End PBXProject section */

/* Begin PBXResourcesBuildPhase section */
		DAAD8E281AFB7E8300A28386 /* Resources */ = {
			isa = PBXResourcesBuildPhase;
			buildActionMask = 2147483647;
			files = (
				DAAD8E351AFB7E8300A28386 /* Main.storyboard in Resources */,
				DAAD8E3A1AFB7E8300A28386 /* LaunchScreen.xib in Resources */,
				DAAD8E371AFB7E8300A28386 /* Images.xcassets in Resources */,
			);
			runOnlyForDeploymentPostprocessing = 0;
		};
		DAAD8E3D1AFB7E8300A28386 /* Resources */ = {
			isa = PBXResourcesBuildPhase;
			buildActionMask = 2147483647;
			files = (
			);
			runOnlyForDeploymentPostprocessing = 0;
		};
/* End PBXResourcesBuildPhase section */

/* Begin PBXSourcesBuildPhase section */
		DAAD8E261AFB7E8300A28386 /* Sources */ = {
			isa = PBXSourcesBuildPhase;
			buildActionMask = 2147483647;
			files = (
				DAAD8E321AFB7E8300A28386 /* ViewController.swift in Sources */,
				DAAD8E301AFB7E8300A28386 /* AppDelegate.swift in Sources */,
			);
			runOnlyForDeploymentPostprocessing = 0;
		};
		DAAD8E3B1AFB7E8300A28386 /* Sources */ = {
			isa = PBXSourcesBuildPhase;
			buildActionMask = 2147483647;
			files = (
				DAAD8E461AFB7E8300A28386 /* SwiftLeakTestTests.swift in Sources */,
			);
			runOnlyForDeploymentPostprocessing = 0;
		};
/* End PBXSourcesBuildPhase section */

/* Begin PBXTargetDependency section */
		DAAD8E411AFB7E8300A28386 /* PBXTargetDependency */ = {
			isa = PBXTargetDependency;
			target = DAAD8E291AFB7E8300A28386 /* SwiftLeakTest */;
			targetProxy = DAAD8E401AFB7E8300A28386 /* PBXContainerItemProxy */;
		};
/* End PBXTargetDependency section */

/* Begin PBXVariantGroup section */
		DAAD8E331AFB7E8300A28386 /* Main.storyboard */ = {
			isa = PBXVariantGroup;
			children = (
				DAAD8E341AFB7E8300A28386 /* Base */,
			);
			name = Main.storyboard;
			sourceTree = "<group>";
		};
		DAAD8E381AFB7E8300A28386 /* LaunchScreen.xib */ = {
			isa = PBXVariantGroup;
			children = (
				DAAD8E391AFB7E8300A28386 /* Base */,
			);
			name = LaunchScreen.xib;
			sourceTree = "<group>";
		};
/* End PBXVariantGroup section */

/* Begin XCBuildConfiguration section */
		DAAD8E471AFB7E8300A28386 /* Debug */ = {
			isa = XCBuildConfiguration;
			buildSettings = {
				ALWAYS_SEARCH_USER_PATHS = NO;
				CLANG_CXX_LANGUAGE_STANDARD = "gnu++0x";
				CLANG_CXX_LIBRARY = "libc++";
				CLANG_ENABLE_MODULES = YES;
				CLANG_ENABLE_OBJC_ARC = YES;
				CLANG_WARN_BOOL_CONVERSION = YES;
				CLANG_WARN_CONSTANT_CONVERSION = YES;
				CLANG_WARN_DIRECT_OBJC_ISA_USAGE = YES_ERROR;
				CLANG_WARN_EMPTY_BODY = YES;
				CLANG_WARN_ENUM_CONVERSION = YES;
				CLANG_WARN_INT_CONVERSION = YES;
				CLANG_WARN_OBJC_ROOT_CLASS = YES_ERROR;
				CLANG_WARN_UNREACHABLE_CODE = YES;
				CLANG_WARN__DUPLICATE_METHOD_MATCH = YES;
				"CODE_SIGN_IDENTITY[sdk=iphoneos*]" = "iPhone Developer";
				COPY_PHASE_STRIP = NO;
				DEBUG_INFORMATION_FORMAT = "dwarf-with-dsym";
				ENABLE_STRICT_OBJC_MSGSEND = YES;
				GCC_C_LANGUAGE_STANDARD = gnu99;
				GCC_DYNAMIC_NO_PIC = NO;
				GCC_NO_COMMON_BLOCKS = YES;
				GCC_OPTIMIZATION_LEVEL = 0;
				GCC_PREPROCESSOR_DEFINITIONS = (
					"DEBUG=1",
					"$(inherited)",
				);
				GCC_SYMBOLS_PRIVATE_EXTERN = NO;
				GCC_WARN_64_TO_32_BIT_CONVERSION = YES;
				GCC_WARN_ABOUT_RETURN_TYPE = YES_ERROR;
				GCC_WARN_UNDECLARED_SELECTOR = YES;
				GCC_WARN_UNINITIALIZED_AUTOS = YES_AGGRESSIVE;
				GCC_WARN_UNUSED_FUNCTION = YES;
				GCC_WARN_UNUSED_VARIABLE = YES;
				IPHONEOS_DEPLOYMENT_TARGET = 8.3;
				MTL_ENABLE_DEBUG_INFO = YES;
				ONLY_ACTIVE_ARCH = YES;
				SDKROOT = iphoneos;
				SWIFT_OPTIMIZATION_LEVEL = "-Onone";
				TARGETED_DEVICE_FAMILY = "1,2";
			};
			name = Debug;
		};
		DAAD8E481AFB7E8300A28386 /* Release */ = {
			isa = XCBuildConfiguration;
			buildSettings = {
				ALWAYS_SEARCH_USER_PATHS = NO;
				CLANG_CXX_LANGUAGE_STANDARD = "gnu++0x";
				CLANG_CXX_LIBRARY = "libc++";
				CLANG_ENABLE_MODULES = YES;
				CLANG_ENABLE_OBJC_ARC = YES;
				CLANG_WARN_BOOL_CONVERSION = YES;
				CLANG_WARN_CONSTANT_CONVERSION = YES;
				CLANG_WARN_DIRECT_OBJC_ISA_USAGE = YES_ERROR;
				CLANG_WARN_EMPTY_BODY = YES;
				CLANG_WARN_ENUM_CONVERSION = YES;
				CLANG_WARN_INT_CONVERSION = YES;
				CLANG_WARN_OBJC_ROOT_CLASS = YES_ERROR;
				CLANG_WARN_UNREACHABLE_CODE = YES;
				CLANG_WARN__DUPLICATE_METHOD_MATCH = YES;
				"CODE_SIGN_IDENTITY[sdk=iphoneos*]" = "iPhone Developer";
				COPY_PHASE_STRIP = NO;
				DEBUG_INFORMATION_FORMAT = "dwarf-with-dsym";
				ENABLE_NS_ASSERTIONS = NO;
				ENABLE_STRICT_OBJC_MSGSEND = YES;
				GCC_C_LANGUAGE_STANDARD = gnu99;
				GCC_NO_COMMON_BLOCKS = YES;
				GCC_WARN_64_TO_32_BIT_CONVERSION = YES;
				GCC_WARN_ABOUT_RETURN_TYPE = YES_ERROR;
				GCC_WARN_UNDECLARED_SELECTOR = YES;
				GCC_WARN_UNINITIALIZED_AUTOS = YES_AGGRESSIVE;
				GCC_WARN_UNUSED_FUNCTION = YES;
				GCC_WARN_UNUSED_VARIABLE = YES;
				IPHONEOS_DEPLOYMENT_TARGET = 8.3;
				MTL_ENABLE_DEBUG_INFO = NO;
				SDKROOT = iphoneos;
				TARGETED_DEVICE_FAMILY = "1,2";
				VALIDATE_PRODUCT = YES;
			};
			name = Release;
		};
		DAAD8E4A1AFB7E8300A28386 /* Debug */ = {
			isa = XCBuildConfiguration;
			buildSettings = {
				ASSETCATALOG_COMPILER_APPICON_NAME = AppIcon;
				INFOPLIST_FILE = SwiftLeakTest/Info.plist;
				LD_RUNPATH_SEARCH_PATHS = "$(inherited) @executable_path/Frameworks";
				PRODUCT_NAME = "$(TARGET_NAME)";
			};
			name = Debug;
		};
		DAAD8E4B1AFB7E8300A28386 /* Release */ = {
			isa = XCBuildConfiguration;
			buildSettings = {
				ASSETCATALOG_COMPILER_APPICON_NAME = AppIcon;
				INFOPLIST_FILE = SwiftLeakTest/Info.plist;
				LD_RUNPATH_SEARCH_PATHS = "$(inherited) @executable_path/Frameworks";
				PRODUCT_NAME = "$(TARGET_NAME)";
			};
			name = Release;
		};
		DAAD8E4D1AFB7E8300A28386 /* Debug */ = {
			isa = XCBuildConfiguration;
			buildSettings = {
				BUNDLE_LOADER = "$(TEST_HOST)";
				FRAMEWORK_SEARCH_PATHS = (
					"$(SDKROOT)/Developer/Library/Frameworks",
					"$(inherited)",
				);
				GCC_PREPROCESSOR_DEFINITIONS = (
					"DEBUG=1",
					"$(inherited)",
				);
				INFOPLIST_FILE = SwiftLeakTestTests/Info.plist;
				LD_RUNPATH_SEARCH_PATHS = "$(inherited) @executable_path/Frameworks @loader_path/Frameworks";
				PRODUCT_NAME = "$(TARGET_NAME)";
				TEST_HOST = "$(BUILT_PRODUCTS_DIR)/SwiftLeakTest.app/SwiftLeakTest";
			};
			name = Debug;
		};
		DAAD8E4E1AFB7E8300A28386 /* Release */ = {
			isa = XCBuildConfiguration;
			buildSettings = {
				BUNDLE_LOADER = "$(TEST_HOST)";
				FRAMEWORK_SEARCH_PATHS = (
					"$(SDKROOT)/Developer/Library/Frameworks",
					"$(inherited)",
				);
				INFOPLIST_FILE = SwiftLeakTestTests/Info.plist;
				LD_RUNPATH_SEARCH_PATHS = "$(inherited) @executable_path/Frameworks @loader_path/Frameworks";
				PRODUCT_NAME = "$(TARGET_NAME)";
				TEST_HOST = "$(BUILT_PRODUCTS_DIR)/SwiftLeakTest.app/SwiftLeakTest";
			};
			name = Release;
		};
/* End XCBuildConfiguration section */

/* Begin XCConfigurationList section */
		DAAD8E251AFB7E8300A28386 /* Build configuration list for PBXProject "SwiftLeakTest" */ = {
			isa = XCConfigurationList;
			buildConfigurations = (
				DAAD8E471AFB7E8300A28386 /* Debug */,
				DAAD8E481AFB7E8300A28386 /* Release */,
			);
			defaultConfigurationIsVisible = 0;
			defaultConfigurationName = Release;
		};
		DAAD8E491AFB7E8300A28386 /* Build configuration list for PBXNativeTarget "SwiftLeakTest" */ = {
			isa = XCConfigurationList;
			buildConfigurations = (
				DAAD8E4A1AFB7E8300A28386 /* Debug */,
				DAAD8E4B1AFB7E8300A28386 /* Release */,
			);
			defaultConfigurationIsVisible = 0;
			defaultConfigurationName = Release;
		};
		DAAD8E4C1AFB7E8300A28386 /* Build configuration list for PBXNativeTarget "SwiftLeakTestTests" */ = {
			isa = XCConfigurationList;
			buildConfigurations = (
				DAAD8E4D1AFB7E8300A28386 /* Debug */,
				DAAD8E4E1AFB7E8300A28386 /* Release */,
			);
			defaultConfigurationIsVisible = 0;
			defaultConfigurationName = Release;
		};
/* End XCConfigurationList section */
	};
	rootObject = DAAD8E221AFB7E8300A28386 /* Project object */;
}
