// !$*UTF8*$!
{
	archiveVersion = 1;
	classes = {
	};
	objectVersion = 46;
	objects = {

/* Begin PBXBuildFile section */
		DA83C2571913EE9E0052DC6A /* Foundation.framework in Frameworks */ = {isa = PBXBuildFile; fileRef = DA83C2561913EE9E0052DC6A /* Foundation.framework */; };
		DA83C25A1913EE9E0052DC6A /* main.m in Sources */ = {isa = PBXBuildFile; fileRef = DA83C2591913EE9E0052DC6A /* main.m */; };
		DA83C25E1913EE9E0052DC6A /* omaParser.1 in CopyFiles */ = {isa = PBXBuildFile; fileRef = DA83C25D1913EE9E0052DC6A /* omaParser.1 */; };
/* End PBXBuildFile section */

/* Begin PBXCopyFilesBuildPhase section */
		DA83C2511913EE9E0052DC6A /* CopyFiles */ = {
			isa = PBXCopyFilesBuildPhase;
			buildActionMask = 2147483647;
			dstPath = /usr/share/man/man1/;
			dstSubfolderSpec = 0;
			files = (
				DA83C25E1913EE9E0052DC6A /* omaParser.1 in CopyFiles */,
			);
			runOnlyForDeploymentPostprocessing = 1;
		};
/* End PBXCopyFilesBuildPhase section */

/* Begin PBXFileReference section */
		DA83C2531913EE9E0052DC6A /* omaParser */ = {isa = PBXFileReference; explicitFileType = "compiled.mach-o.executable"; includeInIndex = 0; path = omaParser; sourceTree = BUILT_PRODUCTS_DIR; };
		DA83C2561913EE9E0052DC6A /* Foundation.framework */ = {isa = PBXFileReference; lastKnownFileType = wrapper.framework; name = Foundation.framework; path = System/Library/Frameworks/Foundation.framework; sourceTree = SDKROOT; };
		DA83C2591913EE9E0052DC6A /* main.m */ = {isa = PBXFileReference; lastKnownFileType = sourcecode.c.objc; path = main.m; sourceTree = "<group>"; };
		DA83C25C1913EE9E0052DC6A /* omaParser-Prefix.pch */ = {isa = PBXFileReference; lastKnownFileType = sourcecode.c.h; path = "omaParser-Prefix.pch"; sourceTree = "<group>"; };
		DA83C25D1913EE9E0052DC6A /* omaParser.1 */ = {isa = PBXFileReference; lastKnownFileType = text.man; path = omaParser.1; sourceTree = "<group>"; };
		DA83C2651913EF750052DC6A /* shape1.oma */ = {isa = PBXFileReference; lastKnownFileType = text; path = shape1.oma; sourceTree = "<group>"; };
		DA83C2661913EF750052DC6A /* shape1110.jpg */ = {isa = PBXFileReference; lastKnownFileType = image.jpeg; path = shape1110.jpg; sourceTree = "<group>"; };
		DA83C2671913EF750052DC6A /* shape2.oma */ = {isa = PBXFileReference; lastKnownFileType = text; path = shape2.oma; sourceTree = "<group>"; };
		DA83C2681913EF750052DC6A /* shape2110.jpg */ = {isa = PBXFileReference; lastKnownFileType = image.jpeg; path = shape2110.jpg; sourceTree = "<group>"; };
		DA83C2691913EF750052DC6A /* shape3.oma */ = {isa = PBXFileReference; lastKnownFileType = text; path = shape3.oma; sourceTree = "<group>"; };
		DA83C26A1913EF750052DC6A /* shape3110.jpg */ = {isa = PBXFileReference; lastKnownFileType = image.jpeg; path = shape3110.jpg; sourceTree = "<group>"; };
		DA83C26B1913EF750052DC6A /* shape4.oma */ = {isa = PBXFileReference; lastKnownFileType = text; path = shape4.oma; sourceTree = "<group>"; };
		DA83C26C1913EF750052DC6A /* shape4110.jpg */ = {isa = PBXFileReference; lastKnownFileType = image.jpeg; path = shape4110.jpg; sourceTree = "<group>"; };
		DA83C26D1913EF750052DC6A /* shape5.oma */ = {isa = PBXFileReference; lastKnownFileType = text; path = shape5.oma; sourceTree = "<group>"; };
		DA83C26E1913EF750052DC6A /* shape5110.jpg */ = {isa = PBXFileReference; lastKnownFileType = image.jpeg; path = shape5110.jpg; sourceTree = "<group>"; };
		DA83C26F1913EF750052DC6A /* shape6.oma */ = {isa = PBXFileReference; lastKnownFileType = text; path = shape6.oma; sourceTree = "<group>"; };
		DA83C2701913EF750052DC6A /* shape6110.jpg */ = {isa = PBXFileReference; lastKnownFileType = image.jpeg; path = shape6110.jpg; sourceTree = "<group>"; };
		DA83C2711913EF750052DC6A /* shape7.oma */ = {isa = PBXFileReference; lastKnownFileType = text; path = shape7.oma; sourceTree = "<group>"; };
		DA83C2721913EF750052DC6A /* shape7110.jpg */ = {isa = PBXFileReference; lastKnownFileType = image.jpeg; path = shape7110.jpg; sourceTree = "<group>"; };
		DA83C2731913EF750052DC6A /* shape8.oma */ = {isa = PBXFileReference; lastKnownFileType = text; path = shape8.oma; sourceTree = "<group>"; };
		DA83C2741913EF750052DC6A /* shape8110.jpg */ = {isa = PBXFileReference; lastKnownFileType = image.jpeg; path = shape8110.jpg; sourceTree = "<group>"; };
/* End PBXFileReference section */

/* Begin PBXFrameworksBuildPhase section */
		DA83C2501913EE9E0052DC6A /* Frameworks */ = {
			isa = PBXFrameworksBuildPhase;
			buildActionMask = 2147483647;
			files = (
				DA83C2571913EE9E0052DC6A /* Foundation.framework in Frameworks */,
			);
			runOnlyForDeploymentPostprocessing = 0;
		};
/* End PBXFrameworksBuildPhase section */

/* Begin PBXGroup section */
		DA83C24A1913EE9E0052DC6A = {
			isa = PBXGroup;
			children = (
				DA83C2581913EE9E0052DC6A /* omaParser */,
				DA83C2551913EE9E0052DC6A /* Frameworks */,
				DA83C25B1913EE9E0052DC6A /* Supporting Files */,
				DA83C2541913EE9E0052DC6A /* Products */,
			);
			sourceTree = "<group>";
		};
		DA83C2541913EE9E0052DC6A /* Products */ = {
			isa = PBXGroup;
			children = (
				DA83C2531913EE9E0052DC6A /* omaParser */,
			);
			name = Products;
			sourceTree = "<group>";
		};
		DA83C2551913EE9E0052DC6A /* Frameworks */ = {
			isa = PBXGroup;
			children = (
				DA83C2561913EE9E0052DC6A /* Foundation.framework */,
			);
			name = Frameworks;
			sourceTree = "<group>";
		};
		DA83C2581913EE9E0052DC6A /* omaParser */ = {
			isa = PBXGroup;
			children = (
				DA83C2591913EE9E0052DC6A /* main.m */,
				DA83C25D1913EE9E0052DC6A /* omaParser.1 */,
				DA83C2641913EF750052DC6A /* StandardShapes */,
			);
			path = omaParser;
			sourceTree = "<group>";
		};
		DA83C25B1913EE9E0052DC6A /* Supporting Files */ = {
			isa = PBXGroup;
			children = (
				DA83C25C1913EE9E0052DC6A /* omaParser-Prefix.pch */,
			);
			name = "Supporting Files";
			path = omaParser;
			sourceTree = "<group>";
		};
		DA83C2641913EF750052DC6A /* StandardShapes */ = {
			isa = PBXGroup;
			children = (
				DA83C2651913EF750052DC6A /* shape1.oma */,
				DA83C2661913EF750052DC6A /* shape1110.jpg */,
				DA83C2671913EF750052DC6A /* shape2.oma */,
				DA83C2681913EF750052DC6A /* shape2110.jpg */,
				DA83C2691913EF750052DC6A /* shape3.oma */,
				DA83C26A1913EF750052DC6A /* shape3110.jpg */,
				DA83C26B1913EF750052DC6A /* shape4.oma */,
				DA83C26C1913EF750052DC6A /* shape4110.jpg */,
				DA83C26D1913EF750052DC6A /* shape5.oma */,
				DA83C26E1913EF750052DC6A /* shape5110.jpg */,
				DA83C26F1913EF750052DC6A /* shape6.oma */,
				DA83C2701913EF750052DC6A /* shape6110.jpg */,
				DA83C2711913EF750052DC6A /* shape7.oma */,
				DA83C2721913EF750052DC6A /* shape7110.jpg */,
				DA83C2731913EF750052DC6A /* shape8.oma */,
				DA83C2741913EF750052DC6A /* shape8110.jpg */,
			);
			path = StandardShapes;
			sourceTree = SOURCE_ROOT;
		};
/* End PBXGroup section */

/* Begin PBXNativeTarget section */
		DA83C2521913EE9E0052DC6A /* omaParser */ = {
			isa = PBXNativeTarget;
			buildConfigurationList = DA83C2611913EE9E0052DC6A /* Build configuration list for PBXNativeTarget "omaParser" */;
			buildPhases = (
				DA83C24F1913EE9E0052DC6A /* Sources */,
				DA83C2501913EE9E0052DC6A /* Frameworks */,
				DA83C2511913EE9E0052DC6A /* CopyFiles */,
			);
			buildRules = (
			);
			dependencies = (
			);
			name = omaParser;
			productName = omaParser;
			productReference = DA83C2531913EE9E0052DC6A /* omaParser */;
			productType = "com.apple.product-type.tool";
		};
/* End PBXNativeTarget section */

/* Begin PBXProject section */
		DA83C24B1913EE9E0052DC6A /* Project object */ = {
			isa = PBXProject;
			attributes = {
				LastUpgradeCheck = 0510;
				ORGANIZATIONNAME = Optisoft;
			};
			buildConfigurationList = DA83C24E1913EE9E0052DC6A /* Build configuration list for PBXProject "omaParser" */;
			compatibilityVersion = "Xcode 3.2";
			developmentRegion = English;
			hasScannedForEncodings = 0;
			knownRegions = (
				en,
			);
			mainGroup = DA83C24A1913EE9E0052DC6A;
			productRefGroup = DA83C2541913EE9E0052DC6A /* Products */;
			projectDirPath = "";
			projectRoot = "";
			targets = (
				DA83C2521913EE9E0052DC6A /* omaParser */,
			);
		};
/* End PBXProject section */

/* Begin PBXSourcesBuildPhase section */
		DA83C24F1913EE9E0052DC6A /* Sources */ = {
			isa = PBXSourcesBuildPhase;
			buildActionMask = 2147483647;
			files = (
				DA83C25A1913EE9E0052DC6A /* main.m in Sources */,
			);
			runOnlyForDeploymentPostprocessing = 0;
		};
/* End PBXSourcesBuildPhase section */

/* Begin XCBuildConfiguration section */
		DA83C25F1913EE9E0052DC6A /* Debug */ = {
			isa = XCBuildConfiguration;
			buildSettings = {
				ALWAYS_SEARCH_USER_PATHS = NO;
				CLANG_CXX_LANGUAGE_STANDARD = "gnu++0x";
				CLANG_CXX_LIBRARY = "libc++";
				CLANG_ENABLE_MODULES = YES;
				CLANG_ENABLE_OBJC_ARC = YES;
				CLANG_WARN_BOOL_CONVERSION = YES;
				CLANG_WARN_CONSTANT_CONVERSION = YES;
				CLANG_WARN_DIRECT_OBJC_ISA_USAGE = YES_ERROR;
				CLANG_WARN_EMPTY_BODY = YES;
				CLANG_WARN_ENUM_CONVERSION = YES;
				CLANG_WARN_INT_CONVERSION = YES;
				CLANG_WARN_OBJC_ROOT_CLASS = YES_ERROR;
				CLANG_WARN__DUPLICATE_METHOD_MATCH = YES;
				COPY_PHASE_STRIP = NO;
				GCC_C_LANGUAGE_STANDARD = gnu99;
				GCC_DYNAMIC_NO_PIC = NO;
				GCC_ENABLE_OBJC_EXCEPTIONS = YES;
				GCC_OPTIMIZATION_LEVEL = 0;
				GCC_PREPROCESSOR_DEFINITIONS = (
					"DEBUG=1",
					"$(inherited)",
				);
				GCC_SYMBOLS_PRIVATE_EXTERN = NO;
				GCC_WARN_64_TO_32_BIT_CONVERSION = YES;
				GCC_WARN_ABOUT_RETURN_TYPE = YES_ERROR;
				GCC_WARN_UNDECLARED_SELECTOR = YES;
				GCC_WARN_UNINITIALIZED_AUTOS = YES_AGGRESSIVE;
				GCC_WARN_UNUSED_FUNCTION = YES;
				GCC_WARN_UNUSED_VARIABLE = YES;
				MACOSX_DEPLOYMENT_TARGET = 10.9;
				ONLY_ACTIVE_ARCH = YES;
				SDKROOT = macosx;
			};
			name = Debug;
		};
		DA83C2601913EE9E0052DC6A /* Release */ = {
			isa = XCBuildConfiguration;
			buildSettings = {
				ALWAYS_SEARCH_USER_PATHS = NO;
				CLANG_CXX_LANGUAGE_STANDARD = "gnu++0x";
				CLANG_CXX_LIBRARY = "libc++";
				CLANG_ENABLE_MODULES = YES;
				CLANG_ENABLE_OBJC_ARC = YES;
				CLANG_WARN_BOOL_CONVERSION = YES;
				CLANG_WARN_CONSTANT_CONVERSION = YES;
				CLANG_WARN_DIRECT_OBJC_ISA_USAGE = YES_ERROR;
				CLANG_WARN_EMPTY_BODY = YES;
				CLANG_WARN_ENUM_CONVERSION = YES;
				CLANG_WARN_INT_CONVERSION = YES;
				CLANG_WARN_OBJC_ROOT_CLASS = YES_ERROR;
				CLANG_WARN__DUPLICATE_METHOD_MATCH = YES;
				COPY_PHASE_STRIP = YES;
				DEBUG_INFORMATION_FORMAT = "dwarf-with-dsym";
				ENABLE_NS_ASSERTIONS = NO;
				GCC_C_LANGUAGE_STANDARD = gnu99;
				GCC_ENABLE_OBJC_EXCEPTIONS = YES;
				GCC_WARN_64_TO_32_BIT_CONVERSION = YES;
				GCC_WARN_ABOUT_RETURN_TYPE = YES_ERROR;
				GCC_WARN_UNDECLARED_SELECTOR = YES;
				GCC_WARN_UNINITIALIZED_AUTOS = YES_AGGRESSIVE;
				GCC_WARN_UNUSED_FUNCTION = YES;
				GCC_WARN_UNUSED_VARIABLE = YES;
				MACOSX_DEPLOYMENT_TARGET = 10.9;
				SDKROOT = macosx;
			};
			name = Release;
		};
		DA83C2621913EE9E0052DC6A /* Debug */ = {
			isa = XCBuildConfiguration;
			buildSettings = {
				GCC_PRECOMPILE_PREFIX_HEADER = YES;
				GCC_PREFIX_HEADER = "omaParser/omaParser-Prefix.pch";
				PRODUCT_NAME = "$(TARGET_NAME)";
				USER_HEADER_SEARCH_PATHS = "~/Documents/Code/OptiLib/OptiLib";
			};
			name = Debug;
		};
		DA83C2631913EE9E0052DC6A /* Release */ = {
			isa = XCBuildConfiguration;
			buildSettings = {
				GCC_PRECOMPILE_PREFIX_HEADER = YES;
				GCC_PREFIX_HEADER = "omaParser/omaParser-Prefix.pch";
				PRODUCT_NAME = "$(TARGET_NAME)";
				USER_HEADER_SEARCH_PATHS = "~/Documents/Code/OptiLib/OptiLib";
			};
			name = Release;
		};
/* End XCBuildConfiguration section */

/* Begin XCConfigurationList section */
		DA83C24E1913EE9E0052DC6A /* Build configuration list for PBXProject "omaParser" */ = {
			isa = XCConfigurationList;
			buildConfigurations = (
				DA83C25F1913EE9E0052DC6A /* Debug */,
				DA83C2601913EE9E0052DC6A /* Release */,
			);
			defaultConfigurationIsVisible = 0;
			defaultConfigurationName = Release;
		};
		DA83C2611913EE9E0052DC6A /* Build configuration list for PBXNativeTarget "omaParser" */ = {
			isa = XCConfigurationList;
			buildConfigurations = (
				DA83C2621913EE9E0052DC6A /* Debug */,
				DA83C2631913EE9E0052DC6A /* Release */,
			);
			defaultConfigurationIsVisible = 0;
			defaultConfigurationName = Release;
		};
/* End XCConfigurationList section */
	};
	rootObject = DA83C24B1913EE9E0052DC6A /* Project object */;
}
