// !$*UTF8*$!
{
	archiveVersion = 1;
	classes = {
	};
	objectVersion = 50;
	objects = {

/* Begin PBXBuildFile section */
		FF637987249CAF6B004D4047 /* main.cpp in Sources */ = {isa = PBXBuildFile; fileRef = FF637986249CAF6B004D4047 /* main.cpp */; };
		FF637994249CD87E004D4047 /* main.cpp in Sources */ = {isa = PBXBuildFile; fileRef = FF637993249CD87E004D4047 /* main.cpp */; };
		FF63799A249E494D004D4047 /* foo.c in Sources */ = {isa = PBXBuildFile; fileRef = FF637999249E494D004D4047 /* foo.c */; };
/* End PBXBuildFile section */

/* Begin PBXCopyFilesBuildPhase section */
		FF637981249CAF6B004D4047 /* CopyFiles */ = {
			isa = PBXCopyFilesBuildPhase;
			buildActionMask = 2147483647;
			dstPath = /usr/share/man/man1/;
			dstSubfolderSpec = 0;
			files = (
			);
			runOnlyForDeploymentPostprocessing = 1;
		};
		FF63798F249CD87E004D4047 /* CopyFiles */ = {
			isa = PBXCopyFilesBuildPhase;
			buildActionMask = 2147483647;
			dstPath = /usr/share/man/man1/;
			dstSubfolderSpec = 0;
			files = (
			);
			runOnlyForDeploymentPostprocessing = 1;
		};
/* End PBXCopyFilesBuildPhase section */

/* Begin PBXFileReference section */
		FF637983249CAF6B004D4047 /* CPPRevision */ = {isa = PBXFileReference; explicitFileType = "compiled.mach-o.executable"; includeInIndex = 0; path = CPPRevision; sourceTree = BUILT_PRODUCTS_DIR; };
		FF637986249CAF6B004D4047 /* main.cpp */ = {isa = PBXFileReference; lastKnownFileType = sourcecode.cpp.cpp; path = main.cpp; sourceTree = "<group>"; };
		FF637991249CD87E004D4047 /* ThreadID */ = {isa = PBXFileReference; explicitFileType = "compiled.mach-o.executable"; includeInIndex = 0; path = ThreadID; sourceTree = BUILT_PRODUCTS_DIR; };
		FF637993249CD87E004D4047 /* main.cpp */ = {isa = PBXFileReference; lastKnownFileType = sourcecode.cpp.cpp; path = main.cpp; sourceTree = "<group>"; };
		FF637998249E494D004D4047 /* foo.h */ = {isa = PBXFileReference; lastKnownFileType = sourcecode.c.h; path = foo.h; sourceTree = "<group>"; };
		FF637999249E494D004D4047 /* foo.c */ = {isa = PBXFileReference; lastKnownFileType = sourcecode.c.c; path = foo.c; sourceTree = "<group>"; };
/* End PBXFileReference section */

/* Begin PBXFrameworksBuildPhase section */
		FF637980249CAF6B004D4047 /* Frameworks */ = {
			isa = PBXFrameworksBuildPhase;
			buildActionMask = 2147483647;
			files = (
			);
			runOnlyForDeploymentPostprocessing = 0;
		};
		FF63798E249CD87E004D4047 /* Frameworks */ = {
			isa = PBXFrameworksBuildPhase;
			buildActionMask = 2147483647;
			files = (
			);
			runOnlyForDeploymentPostprocessing = 0;
		};
/* End PBXFrameworksBuildPhase section */

/* Begin PBXGroup section */
		FF63797A249CAF6B004D4047 = {
			isa = PBXGroup;
			children = (
				FF637985249CAF6B004D4047 /* CPPRevision */,
				FF637992249CD87E004D4047 /* ThreadID */,
				FF637984249CAF6B004D4047 /* Products */,
			);
			sourceTree = "<group>";
		};
		FF637984249CAF6B004D4047 /* Products */ = {
			isa = PBXGroup;
			children = (
				FF637983249CAF6B004D4047 /* CPPRevision */,
				FF637991249CD87E004D4047 /* ThreadID */,
			);
			name = Products;
			sourceTree = "<group>";
		};
		FF637985249CAF6B004D4047 /* CPPRevision */ = {
			isa = PBXGroup;
			children = (
				FF637986249CAF6B004D4047 /* main.cpp */,
				FF637998249E494D004D4047 /* foo.h */,
				FF637999249E494D004D4047 /* foo.c */,
			);
			path = CPPRevision;
			sourceTree = "<group>";
		};
		FF637992249CD87E004D4047 /* ThreadID */ = {
			isa = PBXGroup;
			children = (
				FF637993249CD87E004D4047 /* main.cpp */,
			);
			path = ThreadID;
			sourceTree = "<group>";
		};
/* End PBXGroup section */

/* Begin PBXNativeTarget section */
		FF637982249CAF6B004D4047 /* CPPRevision */ = {
			isa = PBXNativeTarget;
			buildConfigurationList = FF63798A249CAF6B004D4047 /* Build configuration list for PBXNativeTarget "CPPRevision" */;
			buildPhases = (
				FF63797F249CAF6B004D4047 /* Sources */,
				FF637980249CAF6B004D4047 /* Frameworks */,
				FF637981249CAF6B004D4047 /* CopyFiles */,
			);
			buildRules = (
			);
			dependencies = (
			);
			name = CPPRevision;
			productName = CPPRevision;
			productReference = FF637983249CAF6B004D4047 /* CPPRevision */;
			productType = "com.apple.product-type.tool";
		};
		FF637990249CD87E004D4047 /* ThreadID */ = {
			isa = PBXNativeTarget;
			buildConfigurationList = FF637995249CD87E004D4047 /* Build configuration list for PBXNativeTarget "ThreadID" */;
			buildPhases = (
				FF63798D249CD87E004D4047 /* Sources */,
				FF63798E249CD87E004D4047 /* Frameworks */,
				FF63798F249CD87E004D4047 /* CopyFiles */,
			);
			buildRules = (
			);
			dependencies = (
			);
			name = ThreadID;
			productName = ThreadID;
			productReference = FF637991249CD87E004D4047 /* ThreadID */;
			productType = "com.apple.product-type.tool";
		};
/* End PBXNativeTarget section */

/* Begin PBXProject section */
		FF63797B249CAF6B004D4047 /* Project object */ = {
			isa = PBXProject;
			attributes = {
				LastUpgradeCheck = 1150;
				ORGANIZATIONNAME = "Dogstar Industries Ltd.";
				TargetAttributes = {
					FF637982249CAF6B004D4047 = {
						CreatedOnToolsVersion = 11.5;
					};
					FF637990249CD87E004D4047 = {
						CreatedOnToolsVersion = 11.5;
					};
				};
			};
			buildConfigurationList = FF63797E249CAF6B004D4047 /* Build configuration list for PBXProject "CPPRevision" */;
			compatibilityVersion = "Xcode 9.3";
			developmentRegion = en;
			hasScannedForEncodings = 0;
			knownRegions = (
				en,
				Base,
			);
			mainGroup = FF63797A249CAF6B004D4047;
			productRefGroup = FF637984249CAF6B004D4047 /* Products */;
			projectDirPath = "";
			projectRoot = "";
			targets = (
				FF637982249CAF6B004D4047 /* CPPRevision */,
				FF637990249CD87E004D4047 /* ThreadID */,
			);
		};
/* End PBXProject section */

/* Begin PBXSourcesBuildPhase section */
		FF63797F249CAF6B004D4047 /* Sources */ = {
			isa = PBXSourcesBuildPhase;
			buildActionMask = 2147483647;
			files = (
				FF63799A249E494D004D4047 /* foo.c in Sources */,
				FF637987249CAF6B004D4047 /* main.cpp in Sources */,
			);
			runOnlyForDeploymentPostprocessing = 0;
		};
		FF63798D249CD87E004D4047 /* Sources */ = {
			isa = PBXSourcesBuildPhase;
			buildActionMask = 2147483647;
			files = (
				FF637994249CD87E004D4047 /* main.cpp in Sources */,
			);
			runOnlyForDeploymentPostprocessing = 0;
		};
/* End PBXSourcesBuildPhase section */

/* Begin XCBuildConfiguration section */
		FF637988249CAF6B004D4047 /* Debug */ = {
			isa = XCBuildConfiguration;
			buildSettings = {
				ALWAYS_SEARCH_USER_PATHS = NO;
				CLANG_ANALYZER_NONNULL = YES;
				CLANG_ANALYZER_NUMBER_OBJECT_CONVERSION = YES_AGGRESSIVE;
				CLANG_CXX_LANGUAGE_STANDARD = "gnu++14";
				CLANG_CXX_LIBRARY = "libc++";
				CLANG_ENABLE_MODULES = YES;
				CLANG_ENABLE_OBJC_ARC = YES;
				CLANG_ENABLE_OBJC_WEAK = YES;
				CLANG_WARN_BLOCK_CAPTURE_AUTORELEASING = YES;
				CLANG_WARN_BOOL_CONVERSION = YES;
				CLANG_WARN_COMMA = YES;
				CLANG_WARN_CONSTANT_CONVERSION = YES;
				CLANG_WARN_DEPRECATED_OBJC_IMPLEMENTATIONS = YES;
				CLANG_WARN_DIRECT_OBJC_ISA_USAGE = YES_ERROR;
				CLANG_WARN_DOCUMENTATION_COMMENTS = YES;
				CLANG_WARN_EMPTY_BODY = YES;
				CLANG_WARN_ENUM_CONVERSION = YES;
				CLANG_WARN_INFINITE_RECURSION = YES;
				CLANG_WARN_INT_CONVERSION = YES;
				CLANG_WARN_NON_LITERAL_NULL_CONVERSION = YES;
				CLANG_WARN_OBJC_IMPLICIT_RETAIN_SELF = YES;
				CLANG_WARN_OBJC_LITERAL_CONVERSION = YES;
				CLANG_WARN_OBJC_ROOT_CLASS = YES_ERROR;
				CLANG_WARN_RANGE_LOOP_ANALYSIS = YES;
				CLANG_WARN_STRICT_PROTOTYPES = YES;
				CLANG_WARN_SUSPICIOUS_MOVE = YES;
				CLANG_WARN_UNGUARDED_AVAILABILITY = YES_AGGRESSIVE;
				CLANG_WARN_UNREACHABLE_CODE = YES;
				CLANG_WARN__DUPLICATE_METHOD_MATCH = YES;
				COPY_PHASE_STRIP = NO;
				DEBUG_INFORMATION_FORMAT = dwarf;
				ENABLE_STRICT_OBJC_MSGSEND = YES;
				ENABLE_TESTABILITY = YES;
				GCC_C_LANGUAGE_STANDARD = gnu11;
				GCC_DYNAMIC_NO_PIC = NO;
				GCC_NO_COMMON_BLOCKS = YES;
				GCC_OPTIMIZATION_LEVEL = 0;
				GCC_PREPROCESSOR_DEFINITIONS = (
					"DEBUG=1",
					"$(inherited)",
				);
				GCC_WARN_64_TO_32_BIT_CONVERSION = YES;
				GCC_WARN_ABOUT_RETURN_TYPE = YES_ERROR;
				GCC_WARN_UNDECLARED_SELECTOR = YES;
				GCC_WARN_UNINITIALIZED_AUTOS = YES_AGGRESSIVE;
				GCC_WARN_UNUSED_FUNCTION = YES;
				GCC_WARN_UNUSED_VARIABLE = YES;
				MACOSX_DEPLOYMENT_TARGET = 10.15;
				MTL_ENABLE_DEBUG_INFO = INCLUDE_SOURCE;
				MTL_FAST_MATH = YES;
				ONLY_ACTIVE_ARCH = YES;
				SDKROOT = macosx;
			};
			name = Debug;
		};
		FF637989249CAF6B004D4047 /* Release */ = {
			isa = XCBuildConfiguration;
			buildSettings = {
				ALWAYS_SEARCH_USER_PATHS = NO;
				CLANG_ANALYZER_NONNULL = YES;
				CLANG_ANALYZER_NUMBER_OBJECT_CONVERSION = YES_AGGRESSIVE;
				CLANG_CXX_LANGUAGE_STANDARD = "gnu++14";
				CLANG_CXX_LIBRARY = "libc++";
				CLANG_ENABLE_MODULES = YES;
				CLANG_ENABLE_OBJC_ARC = YES;
				CLANG_ENABLE_OBJC_WEAK = YES;
				CLANG_WARN_BLOCK_CAPTURE_AUTORELEASING = YES;
				CLANG_WARN_BOOL_CONVERSION = YES;
				CLANG_WARN_COMMA = YES;
				CLANG_WARN_CONSTANT_CONVERSION = YES;
				CLANG_WARN_DEPRECATED_OBJC_IMPLEMENTATIONS = YES;
				CLANG_WARN_DIRECT_OBJC_ISA_USAGE = YES_ERROR;
				CLANG_WARN_DOCUMENTATION_COMMENTS = YES;
				CLANG_WARN_EMPTY_BODY = YES;
				CLANG_WARN_ENUM_CONVERSION = YES;
				CLANG_WARN_INFINITE_RECURSION = YES;
				CLANG_WARN_INT_CONVERSION = YES;
				CLANG_WARN_NON_LITERAL_NULL_CONVERSION = YES;
				CLANG_WARN_OBJC_IMPLICIT_RETAIN_SELF = YES;
				CLANG_WARN_OBJC_LITERAL_CONVERSION = YES;
				CLANG_WARN_OBJC_ROOT_CLASS = YES_ERROR;
				CLANG_WARN_RANGE_LOOP_ANALYSIS = YES;
				CLANG_WARN_STRICT_PROTOTYPES = YES;
				CLANG_WARN_SUSPICIOUS_MOVE = YES;
				CLANG_WARN_UNGUARDED_AVAILABILITY = YES_AGGRESSIVE;
				CLANG_WARN_UNREACHABLE_CODE = YES;
				CLANG_WARN__DUPLICATE_METHOD_MATCH = YES;
				COPY_PHASE_STRIP = NO;
				DEBUG_INFORMATION_FORMAT = "dwarf-with-dsym";
				ENABLE_NS_ASSERTIONS = NO;
				ENABLE_STRICT_OBJC_MSGSEND = YES;
				GCC_C_LANGUAGE_STANDARD = gnu11;
				GCC_NO_COMMON_BLOCKS = YES;
				GCC_WARN_64_TO_32_BIT_CONVERSION = YES;
				GCC_WARN_ABOUT_RETURN_TYPE = YES_ERROR;
				GCC_WARN_UNDECLARED_SELECTOR = YES;
				GCC_WARN_UNINITIALIZED_AUTOS = YES_AGGRESSIVE;
				GCC_WARN_UNUSED_FUNCTION = YES;
				GCC_WARN_UNUSED_VARIABLE = YES;
				MACOSX_DEPLOYMENT_TARGET = 10.15;
				MTL_ENABLE_DEBUG_INFO = NO;
				MTL_FAST_MATH = YES;
				SDKROOT = macosx;
			};
			name = Release;
		};
		FF63798B249CAF6B004D4047 /* Debug */ = {
			isa = XCBuildConfiguration;
			buildSettings = {
				CLANG_CXX_LANGUAGE_STANDARD = "c++17";
				CLANG_CXX_LIBRARY = "compiler-default";
				CODE_SIGN_STYLE = Automatic;
				DEVELOPMENT_TEAM = 5F9CYF5K3F;
				ENABLE_HARDENED_RUNTIME = YES;
				PRODUCT_NAME = "$(TARGET_NAME)";
			};
			name = Debug;
		};
		FF63798C249CAF6B004D4047 /* Release */ = {
			isa = XCBuildConfiguration;
			buildSettings = {
				CLANG_CXX_LANGUAGE_STANDARD = "c++17";
				CLANG_CXX_LIBRARY = "compiler-default";
				CODE_SIGN_STYLE = Automatic;
				DEVELOPMENT_TEAM = 5F9CYF5K3F;
				ENABLE_HARDENED_RUNTIME = YES;
				PRODUCT_NAME = "$(TARGET_NAME)";
			};
			name = Release;
		};
		FF637996249CD87E004D4047 /* Debug */ = {
			isa = XCBuildConfiguration;
			buildSettings = {
				CODE_SIGN_STYLE = Automatic;
				DEVELOPMENT_TEAM = 5F9CYF5K3F;
				ENABLE_HARDENED_RUNTIME = YES;
				PRODUCT_NAME = "$(TARGET_NAME)";
			};
			name = Debug;
		};
		FF637997249CD87E004D4047 /* Release */ = {
			isa = XCBuildConfiguration;
			buildSettings = {
				CODE_SIGN_STYLE = Automatic;
				DEVELOPMENT_TEAM = 5F9CYF5K3F;
				ENABLE_HARDENED_RUNTIME = YES;
				PRODUCT_NAME = "$(TARGET_NAME)";
			};
			name = Release;
		};
/* End XCBuildConfiguration section */

/* Begin XCConfigurationList section */
		FF63797E249CAF6B004D4047 /* Build configuration list for PBXProject "CPPRevision" */ = {
			isa = XCConfigurationList;
			buildConfigurations = (
				FF637988249CAF6B004D4047 /* Debug */,
				FF637989249CAF6B004D4047 /* Release */,
			);
			defaultConfigurationIsVisible = 0;
			defaultConfigurationName = Release;
		};
		FF63798A249CAF6B004D4047 /* Build configuration list for PBXNativeTarget "CPPRevision" */ = {
			isa = XCConfigurationList;
			buildConfigurations = (
				FF63798B249CAF6B004D4047 /* Debug */,
				FF63798C249CAF6B004D4047 /* Release */,
			);
			defaultConfigurationIsVisible = 0;
			defaultConfigurationName = Release;
		};
		FF637995249CD87E004D4047 /* Build configuration list for PBXNativeTarget "ThreadID" */ = {
			isa = XCConfigurationList;
			buildConfigurations = (
				FF637996249CD87E004D4047 /* Debug */,
				FF637997249CD87E004D4047 /* Release */,
			);
			defaultConfigurationIsVisible = 0;
			defaultConfigurationName = Release;
		};
/* End XCConfigurationList section */
	};
	rootObject = FF63797B249CAF6B004D4047 /* Project object */;
}
