// !$*UTF8*$!
{
	archiveVersion = 1;
	classes = {
	};
	objectVersion = 46;
	objects = {

/* Begin PBXBuildFile section */
		FF29BB881E800C9C006A08E7 /* GameControls.h in Headers */ = {isa = PBXBuildFile; fileRef = FF29BB861E800C9C006A08E7 /* GameControls.h */; settings = {ATTRIBUTES = (Public, ); }; };
		FF29BB931E801D95006A08E7 /* TiltController.swift in Sources */ = {isa = PBXBuildFile; fileRef = FF29BB921E801D95006A08E7 /* TiltController.swift */; };
		FF29BB951E801FE8006A08E7 /* TouchStickController.swift in Sources */ = {isa = PBXBuildFile; fileRef = FF29BB941E801FE8006A08E7 /* TouchStickController.swift */; };
		FF29BBA11E813BC7006A08E7 /* AppDelegate.swift in Sources */ = {isa = PBXBuildFile; fileRef = FF29BBA01E813BC7006A08E7 /* AppDelegate.swift */; };
		FF29BBA31E813BC7006A08E7 /* ViewController.swift in Sources */ = {isa = PBXBuildFile; fileRef = FF29BBA21E813BC7006A08E7 /* ViewController.swift */; };
		FF29BBA61E813BC7006A08E7 /* Main.storyboard in Resources */ = {isa = PBXBuildFile; fileRef = FF29BBA41E813BC7006A08E7 /* Main.storyboard */; };
		FF29BBA81E813BC7006A08E7 /* Assets.xcassets in Resources */ = {isa = PBXBuildFile; fileRef = FF29BBA71E813BC7006A08E7 /* Assets.xcassets */; };
		FF29BBAB1E813BC7006A08E7 /* LaunchScreen.storyboard in Resources */ = {isa = PBXBuildFile; fileRef = FF29BBA91E813BC7006A08E7 /* LaunchScreen.storyboard */; };
		FF29BBB01E813BFA006A08E7 /* GameControls.framework in Frameworks */ = {isa = PBXBuildFile; fileRef = FF29BB831E800C9C006A08E7 /* GameControls.framework */; };
		FF29BBB11E813BFA006A08E7 /* GameControls.framework in Embed Frameworks */ = {isa = PBXBuildFile; fileRef = FF29BB831E800C9C006A08E7 /* GameControls.framework */; settings = {ATTRIBUTES = (CodeSignOnCopy, RemoveHeadersOnCopy, ); }; };
		FF29BBB61E813C6B006A08E7 /* TouchTestView.swift in Sources */ = {isa = PBXBuildFile; fileRef = FF29BBB51E813C6B006A08E7 /* TouchTestView.swift */; };
		FF29BBBE1E828E12006A08E7 /* GameControlsTests.swift in Sources */ = {isa = PBXBuildFile; fileRef = FF29BBBD1E828E12006A08E7 /* GameControlsTests.swift */; };
		FF29BBC01E828E12006A08E7 /* GameControls.framework in Frameworks */ = {isa = PBXBuildFile; fileRef = FF29BB831E800C9C006A08E7 /* GameControls.framework */; };
		FF29BBC81E82D025006A08E7 /* SpriteKit.framework in Frameworks */ = {isa = PBXBuildFile; fileRef = FF29BBC71E82D025006A08E7 /* SpriteKit.framework */; };
		FF29BBCA1E82D11C006A08E7 /* JoystickScene.sks in Resources */ = {isa = PBXBuildFile; fileRef = FF29BBC91E82D11C006A08E7 /* JoystickScene.sks */; };
		FF29BBCC1E82D1EF006A08E7 /* JoystickScene.swift in Sources */ = {isa = PBXBuildFile; fileRef = FF29BBCB1E82D1EF006A08E7 /* JoystickScene.swift */; };
/* End PBXBuildFile section */

/* Begin PBXContainerItemProxy section */
		FF29BBB21E813BFA006A08E7 /* PBXContainerItemProxy */ = {
			isa = PBXContainerItemProxy;
			containerPortal = FF29BB7A1E800C9C006A08E7 /* Project object */;
			proxyType = 1;
			remoteGlobalIDString = FF29BB821E800C9C006A08E7;
			remoteInfo = GameControls;
		};
		FF29BBC11E828E12006A08E7 /* PBXContainerItemProxy */ = {
			isa = PBXContainerItemProxy;
			containerPortal = FF29BB7A1E800C9C006A08E7 /* Project object */;
			proxyType = 1;
			remoteGlobalIDString = FF29BB821E800C9C006A08E7;
			remoteInfo = GameControls;
		};
/* End PBXContainerItemProxy section */

/* Begin PBXCopyFilesBuildPhase section */
		FF29BBB41E813BFA006A08E7 /* Embed Frameworks */ = {
			isa = PBXCopyFilesBuildPhase;
			buildActionMask = 2147483647;
			dstPath = "";
			dstSubfolderSpec = 10;
			files = (
				FF29BBB11E813BFA006A08E7 /* GameControls.framework in Embed Frameworks */,
			);
			name = "Embed Frameworks";
			runOnlyForDeploymentPostprocessing = 0;
		};
/* End PBXCopyFilesBuildPhase section */

/* Begin PBXFileReference section */
		FF29BB831E800C9C006A08E7 /* GameControls.framework */ = {isa = PBXFileReference; explicitFileType = wrapper.framework; includeInIndex = 0; path = GameControls.framework; sourceTree = BUILT_PRODUCTS_DIR; };
		FF29BB861E800C9C006A08E7 /* GameControls.h */ = {isa = PBXFileReference; lastKnownFileType = sourcecode.c.h; path = GameControls.h; sourceTree = "<group>"; };
		FF29BB871E800C9C006A08E7 /* Info.plist */ = {isa = PBXFileReference; lastKnownFileType = text.plist.xml; path = Info.plist; sourceTree = "<group>"; };
		FF29BB921E801D95006A08E7 /* TiltController.swift */ = {isa = PBXFileReference; fileEncoding = 4; lastKnownFileType = sourcecode.swift; path = TiltController.swift; sourceTree = "<group>"; };
		FF29BB941E801FE8006A08E7 /* TouchStickController.swift */ = {isa = PBXFileReference; fileEncoding = 4; lastKnownFileType = sourcecode.swift; path = TouchStickController.swift; sourceTree = "<group>"; };
		FF29BB9E1E813BC7006A08E7 /* GameControlsTestRig.app */ = {isa = PBXFileReference; explicitFileType = wrapper.application; includeInIndex = 0; path = GameControlsTestRig.app; sourceTree = BUILT_PRODUCTS_DIR; };
		FF29BBA01E813BC7006A08E7 /* AppDelegate.swift */ = {isa = PBXFileReference; lastKnownFileType = sourcecode.swift; path = AppDelegate.swift; sourceTree = "<group>"; };
		FF29BBA21E813BC7006A08E7 /* ViewController.swift */ = {isa = PBXFileReference; lastKnownFileType = sourcecode.swift; path = ViewController.swift; sourceTree = "<group>"; };
		FF29BBA51E813BC7006A08E7 /* Base */ = {isa = PBXFileReference; lastKnownFileType = file.storyboard; name = Base; path = Base.lproj/Main.storyboard; sourceTree = "<group>"; };
		FF29BBA71E813BC7006A08E7 /* Assets.xcassets */ = {isa = PBXFileReference; lastKnownFileType = folder.assetcatalog; path = Assets.xcassets; sourceTree = "<group>"; };
		FF29BBAA1E813BC7006A08E7 /* Base */ = {isa = PBXFileReference; lastKnownFileType = file.storyboard; name = Base; path = Base.lproj/LaunchScreen.storyboard; sourceTree = "<group>"; };
		FF29BBAC1E813BC7006A08E7 /* Info.plist */ = {isa = PBXFileReference; lastKnownFileType = text.plist.xml; path = Info.plist; sourceTree = "<group>"; };
		FF29BBB51E813C6B006A08E7 /* TouchTestView.swift */ = {isa = PBXFileReference; fileEncoding = 4; lastKnownFileType = sourcecode.swift; path = TouchTestView.swift; sourceTree = "<group>"; };
		FF29BBBB1E828E12006A08E7 /* GameControlsTests.xctest */ = {isa = PBXFileReference; explicitFileType = wrapper.cfbundle; includeInIndex = 0; path = GameControlsTests.xctest; sourceTree = BUILT_PRODUCTS_DIR; };
		FF29BBBD1E828E12006A08E7 /* GameControlsTests.swift */ = {isa = PBXFileReference; lastKnownFileType = sourcecode.swift; path = GameControlsTests.swift; sourceTree = "<group>"; };
		FF29BBBF1E828E12006A08E7 /* Info.plist */ = {isa = PBXFileReference; lastKnownFileType = text.plist.xml; path = Info.plist; sourceTree = "<group>"; };
		FF29BBC71E82D025006A08E7 /* SpriteKit.framework */ = {isa = PBXFileReference; lastKnownFileType = wrapper.framework; name = SpriteKit.framework; path = System/Library/Frameworks/SpriteKit.framework; sourceTree = SDKROOT; };
		FF29BBC91E82D11C006A08E7 /* JoystickScene.sks */ = {isa = PBXFileReference; lastKnownFileType = file.sks; path = JoystickScene.sks; sourceTree = "<group>"; };
		FF29BBCB1E82D1EF006A08E7 /* JoystickScene.swift */ = {isa = PBXFileReference; fileEncoding = 4; lastKnownFileType = sourcecode.swift; path = JoystickScene.swift; sourceTree = "<group>"; };
/* End PBXFileReference section */

/* Begin PBXFrameworksBuildPhase section */
		FF29BB7F1E800C9C006A08E7 /* Frameworks */ = {
			isa = PBXFrameworksBuildPhase;
			buildActionMask = 2147483647;
			files = (
			);
			runOnlyForDeploymentPostprocessing = 0;
		};
		FF29BB9B1E813BC7006A08E7 /* Frameworks */ = {
			isa = PBXFrameworksBuildPhase;
			buildActionMask = 2147483647;
			files = (
				FF29BBC81E82D025006A08E7 /* SpriteKit.framework in Frameworks */,
				FF29BBB01E813BFA006A08E7 /* GameControls.framework in Frameworks */,
			);
			runOnlyForDeploymentPostprocessing = 0;
		};
		FF29BBB81E828E12006A08E7 /* Frameworks */ = {
			isa = PBXFrameworksBuildPhase;
			buildActionMask = 2147483647;
			files = (
				FF29BBC01E828E12006A08E7 /* GameControls.framework in Frameworks */,
			);
			runOnlyForDeploymentPostprocessing = 0;
		};
/* End PBXFrameworksBuildPhase section */

/* Begin PBXGroup section */
		FF29BB791E800C9C006A08E7 = {
			isa = PBXGroup;
			children = (
				FF29BB851E800C9C006A08E7 /* GameControls */,
				FF29BB9F1E813BC7006A08E7 /* GameControlsTestRig */,
				FF29BBBC1E828E12006A08E7 /* GameControlsUnitTests */,
				FF29BB841E800C9C006A08E7 /* Products */,
				FF29BBC61E82D025006A08E7 /* Frameworks */,
			);
			sourceTree = "<group>";
		};
		FF29BB841E800C9C006A08E7 /* Products */ = {
			isa = PBXGroup;
			children = (
				FF29BB831E800C9C006A08E7 /* GameControls.framework */,
				FF29BB9E1E813BC7006A08E7 /* GameControlsTestRig.app */,
				FF29BBBB1E828E12006A08E7 /* GameControlsTests.xctest */,
			);
			name = Products;
			sourceTree = "<group>";
		};
		FF29BB851E800C9C006A08E7 /* GameControls */ = {
			isa = PBXGroup;
			children = (
				FF29BB921E801D95006A08E7 /* TiltController.swift */,
				FF29BB941E801FE8006A08E7 /* TouchStickController.swift */,
				FF29BB861E800C9C006A08E7 /* GameControls.h */,
				FF29BB871E800C9C006A08E7 /* Info.plist */,
			);
			path = GameControls;
			sourceTree = "<group>";
		};
		FF29BB9F1E813BC7006A08E7 /* GameControlsTestRig */ = {
			isa = PBXGroup;
			children = (
				FF29BBA01E813BC7006A08E7 /* AppDelegate.swift */,
				FF29BBA21E813BC7006A08E7 /* ViewController.swift */,
				FF29BBB51E813C6B006A08E7 /* TouchTestView.swift */,
				FF29BBA41E813BC7006A08E7 /* Main.storyboard */,
				FF29BBC91E82D11C006A08E7 /* JoystickScene.sks */,
				FF29BBCB1E82D1EF006A08E7 /* JoystickScene.swift */,
				FF29BBA71E813BC7006A08E7 /* Assets.xcassets */,
				FF29BBA91E813BC7006A08E7 /* LaunchScreen.storyboard */,
				FF29BBAC1E813BC7006A08E7 /* Info.plist */,
			);
			path = GameControlsTestRig;
			sourceTree = "<group>";
		};
		FF29BBBC1E828E12006A08E7 /* GameControlsUnitTests */ = {
			isa = PBXGroup;
			children = (
				FF29BBBD1E828E12006A08E7 /* GameControlsTests.swift */,
				FF29BBBF1E828E12006A08E7 /* Info.plist */,
			);
			name = GameControlsUnitTests;
			path = GameControlsTests;
			sourceTree = "<group>";
		};
		FF29BBC61E82D025006A08E7 /* Frameworks */ = {
			isa = PBXGroup;
			children = (
				FF29BBC71E82D025006A08E7 /* SpriteKit.framework */,
			);
			name = Frameworks;
			sourceTree = "<group>";
		};
/* End PBXGroup section */

/* Begin PBXHeadersBuildPhase section */
		FF29BB801E800C9C006A08E7 /* Headers */ = {
			isa = PBXHeadersBuildPhase;
			buildActionMask = 2147483647;
			files = (
				FF29BB881E800C9C006A08E7 /* GameControls.h in Headers */,
			);
			runOnlyForDeploymentPostprocessing = 0;
		};
/* End PBXHeadersBuildPhase section */

/* Begin PBXNativeTarget section */
		FF29BB821E800C9C006A08E7 /* GameControls */ = {
			isa = PBXNativeTarget;
			buildConfigurationList = FF29BB8B1E800C9C006A08E7 /* Build configuration list for PBXNativeTarget "GameControls" */;
			buildPhases = (
				FF29BB7E1E800C9C006A08E7 /* Sources */,
				FF29BB7F1E800C9C006A08E7 /* Frameworks */,
				FF29BB801E800C9C006A08E7 /* Headers */,
				FF29BB811E800C9C006A08E7 /* Resources */,
			);
			buildRules = (
			);
			dependencies = (
			);
			name = GameControls;
			productName = GameControls;
			productReference = FF29BB831E800C9C006A08E7 /* GameControls.framework */;
			productType = "com.apple.product-type.framework";
		};
		FF29BB9D1E813BC7006A08E7 /* GameControlsTestRig */ = {
			isa = PBXNativeTarget;
			buildConfigurationList = FF29BBAD1E813BC7006A08E7 /* Build configuration list for PBXNativeTarget "GameControlsTestRig" */;
			buildPhases = (
				FF29BB9A1E813BC7006A08E7 /* Sources */,
				FF29BB9B1E813BC7006A08E7 /* Frameworks */,
				FF29BB9C1E813BC7006A08E7 /* Resources */,
				FF29BBB41E813BFA006A08E7 /* Embed Frameworks */,
			);
			buildRules = (
			);
			dependencies = (
				FF29BBB31E813BFA006A08E7 /* PBXTargetDependency */,
			);
			name = GameControlsTestRig;
			productName = GameControlsTestRig;
			productReference = FF29BB9E1E813BC7006A08E7 /* GameControlsTestRig.app */;
			productType = "com.apple.product-type.application";
		};
		FF29BBBA1E828E12006A08E7 /* GameControlsTests */ = {
			isa = PBXNativeTarget;
			buildConfigurationList = FF29BBC31E828E12006A08E7 /* Build configuration list for PBXNativeTarget "GameControlsTests" */;
			buildPhases = (
				FF29BBB71E828E12006A08E7 /* Sources */,
				FF29BBB81E828E12006A08E7 /* Frameworks */,
				FF29BBB91E828E12006A08E7 /* Resources */,
			);
			buildRules = (
			);
			dependencies = (
				FF29BBC21E828E12006A08E7 /* PBXTargetDependency */,
			);
			name = GameControlsTests;
			productName = GameControlsTests;
			productReference = FF29BBBB1E828E12006A08E7 /* GameControlsTests.xctest */;
			productType = "com.apple.product-type.bundle.unit-test";
		};
/* End PBXNativeTarget section */

/* Begin PBXProject section */
		FF29BB7A1E800C9C006A08E7 /* Project object */ = {
			isa = PBXProject;
			attributes = {
				LastSwiftUpdateCheck = 0820;
				LastUpgradeCheck = 0820;
				ORGANIZATIONNAME = "Dogstar Industries";
				TargetAttributes = {
					FF29BB821E800C9C006A08E7 = {
						CreatedOnToolsVersion = 8.2.1;
						DevelopmentTeam = 5F9CYF5K3F;
						LastSwiftMigration = 0820;
						ProvisioningStyle = Automatic;
					};
					FF29BB9D1E813BC7006A08E7 = {
						CreatedOnToolsVersion = 8.2.1;
						DevelopmentTeam = 5F9CYF5K3F;
						ProvisioningStyle = Automatic;
					};
					FF29BBBA1E828E12006A08E7 = {
						CreatedOnToolsVersion = 8.2.1;
						DevelopmentTeam = 5F9CYF5K3F;
						ProvisioningStyle = Automatic;
					};
				};
			};
			buildConfigurationList = FF29BB7D1E800C9C006A08E7 /* Build configuration list for PBXProject "GameControls" */;
			compatibilityVersion = "Xcode 3.2";
			developmentRegion = English;
			hasScannedForEncodings = 0;
			knownRegions = (
				en,
				Base,
			);
			mainGroup = FF29BB791E800C9C006A08E7;
			productRefGroup = FF29BB841E800C9C006A08E7 /* Products */;
			projectDirPath = "";
			projectRoot = "";
			targets = (
				FF29BB821E800C9C006A08E7 /* GameControls */,
				FF29BB9D1E813BC7006A08E7 /* GameControlsTestRig */,
				FF29BBBA1E828E12006A08E7 /* GameControlsTests */,
			);
		};
/* End PBXProject section */

/* Begin PBXResourcesBuildPhase section */
		FF29BB811E800C9C006A08E7 /* Resources */ = {
			isa = PBXResourcesBuildPhase;
			buildActionMask = 2147483647;
			files = (
			);
			runOnlyForDeploymentPostprocessing = 0;
		};
		FF29BB9C1E813BC7006A08E7 /* Resources */ = {
			isa = PBXResourcesBuildPhase;
			buildActionMask = 2147483647;
			files = (
				FF29BBAB1E813BC7006A08E7 /* LaunchScreen.storyboard in Resources */,
				FF29BBA81E813BC7006A08E7 /* Assets.xcassets in Resources */,
				FF29BBCA1E82D11C006A08E7 /* JoystickScene.sks in Resources */,
				FF29BBA61E813BC7006A08E7 /* Main.storyboard in Resources */,
			);
			runOnlyForDeploymentPostprocessing = 0;
		};
		FF29BBB91E828E12006A08E7 /* Resources */ = {
			isa = PBXResourcesBuildPhase;
			buildActionMask = 2147483647;
			files = (
			);
			runOnlyForDeploymentPostprocessing = 0;
		};
/* End PBXResourcesBuildPhase section */

/* Begin PBXSourcesBuildPhase section */
		FF29BB7E1E800C9C006A08E7 /* Sources */ = {
			isa = PBXSourcesBuildPhase;
			buildActionMask = 2147483647;
			files = (
				FF29BB951E801FE8006A08E7 /* TouchStickController.swift in Sources */,
				FF29BB931E801D95006A08E7 /* TiltController.swift in Sources */,
			);
			runOnlyForDeploymentPostprocessing = 0;
		};
		FF29BB9A1E813BC7006A08E7 /* Sources */ = {
			isa = PBXSourcesBuildPhase;
			buildActionMask = 2147483647;
			files = (
				FF29BBCC1E82D1EF006A08E7 /* JoystickScene.swift in Sources */,
				FF29BBA31E813BC7006A08E7 /* ViewController.swift in Sources */,
				FF29BBA11E813BC7006A08E7 /* AppDelegate.swift in Sources */,
				FF29BBB61E813C6B006A08E7 /* TouchTestView.swift in Sources */,
			);
			runOnlyForDeploymentPostprocessing = 0;
		};
		FF29BBB71E828E12006A08E7 /* Sources */ = {
			isa = PBXSourcesBuildPhase;
			buildActionMask = 2147483647;
			files = (
				FF29BBBE1E828E12006A08E7 /* GameControlsTests.swift in Sources */,
			);
			runOnlyForDeploymentPostprocessing = 0;
		};
/* End PBXSourcesBuildPhase section */

/* Begin PBXTargetDependency section */
		FF29BBB31E813BFA006A08E7 /* PBXTargetDependency */ = {
			isa = PBXTargetDependency;
			target = FF29BB821E800C9C006A08E7 /* GameControls */;
			targetProxy = FF29BBB21E813BFA006A08E7 /* PBXContainerItemProxy */;
		};
		FF29BBC21E828E12006A08E7 /* PBXTargetDependency */ = {
			isa = PBXTargetDependency;
			target = FF29BB821E800C9C006A08E7 /* GameControls */;
			targetProxy = FF29BBC11E828E12006A08E7 /* PBXContainerItemProxy */;
		};
/* End PBXTargetDependency section */

/* Begin PBXVariantGroup section */
		FF29BBA41E813BC7006A08E7 /* Main.storyboard */ = {
			isa = PBXVariantGroup;
			children = (
				FF29BBA51E813BC7006A08E7 /* Base */,
			);
			name = Main.storyboard;
			sourceTree = "<group>";
		};
		FF29BBA91E813BC7006A08E7 /* LaunchScreen.storyboard */ = {
			isa = PBXVariantGroup;
			children = (
				FF29BBAA1E813BC7006A08E7 /* Base */,
			);
			name = LaunchScreen.storyboard;
			sourceTree = "<group>";
		};
/* End PBXVariantGroup section */

/* Begin XCBuildConfiguration section */
		FF29BB891E800C9C006A08E7 /* Debug */ = {
			isa = XCBuildConfiguration;
			buildSettings = {
				ALWAYS_SEARCH_USER_PATHS = NO;
				CLANG_ANALYZER_NONNULL = YES;
				CLANG_CXX_LANGUAGE_STANDARD = "gnu++0x";
				CLANG_CXX_LIBRARY = "libc++";
				CLANG_ENABLE_MODULES = YES;
				CLANG_ENABLE_OBJC_ARC = YES;
				CLANG_WARN_BOOL_CONVERSION = YES;
				CLANG_WARN_CONSTANT_CONVERSION = YES;
				CLANG_WARN_DIRECT_OBJC_ISA_USAGE = YES_ERROR;
				CLANG_WARN_DOCUMENTATION_COMMENTS = YES;
				CLANG_WARN_EMPTY_BODY = YES;
				CLANG_WARN_ENUM_CONVERSION = YES;
				CLANG_WARN_INFINITE_RECURSION = YES;
				CLANG_WARN_INT_CONVERSION = YES;
				CLANG_WARN_OBJC_ROOT_CLASS = YES_ERROR;
				CLANG_WARN_SUSPICIOUS_MOVE = YES;
				CLANG_WARN_UNREACHABLE_CODE = YES;
				CLANG_WARN__DUPLICATE_METHOD_MATCH = YES;
				"CODE_SIGN_IDENTITY[sdk=iphoneos*]" = "iPhone Developer";
				COPY_PHASE_STRIP = NO;
				CURRENT_PROJECT_VERSION = 1;
				DEBUG_INFORMATION_FORMAT = dwarf;
				ENABLE_STRICT_OBJC_MSGSEND = YES;
				ENABLE_TESTABILITY = YES;
				GCC_C_LANGUAGE_STANDARD = gnu99;
				GCC_DYNAMIC_NO_PIC = NO;
				GCC_NO_COMMON_BLOCKS = YES;
				GCC_OPTIMIZATION_LEVEL = 0;
				GCC_PREPROCESSOR_DEFINITIONS = (
					"DEBUG=1",
					"$(inherited)",
				);
				GCC_WARN_64_TO_32_BIT_CONVERSION = YES;
				GCC_WARN_ABOUT_RETURN_TYPE = YES_ERROR;
				GCC_WARN_UNDECLARED_SELECTOR = YES;
				GCC_WARN_UNINITIALIZED_AUTOS = YES_AGGRESSIVE;
				GCC_WARN_UNUSED_FUNCTION = YES;
				GCC_WARN_UNUSED_VARIABLE = YES;
				IPHONEOS_DEPLOYMENT_TARGET = 10.2;
				MTL_ENABLE_DEBUG_INFO = YES;
				ONLY_ACTIVE_ARCH = YES;
				SDKROOT = iphoneos;
				SWIFT_ACTIVE_COMPILATION_CONDITIONS = DEBUG;
				SWIFT_OPTIMIZATION_LEVEL = "-Onone";
				TARGETED_DEVICE_FAMILY = "1,2";
				VERSIONING_SYSTEM = "apple-generic";
				VERSION_INFO_PREFIX = "";
			};
			name = Debug;
		};
		FF29BB8A1E800C9C006A08E7 /* Release */ = {
			isa = XCBuildConfiguration;
			buildSettings = {
				ALWAYS_SEARCH_USER_PATHS = NO;
				CLANG_ANALYZER_NONNULL = YES;
				CLANG_CXX_LANGUAGE_STANDARD = "gnu++0x";
				CLANG_CXX_LIBRARY = "libc++";
				CLANG_ENABLE_MODULES = YES;
				CLANG_ENABLE_OBJC_ARC = YES;
				CLANG_WARN_BOOL_CONVERSION = YES;
				CLANG_WARN_CONSTANT_CONVERSION = YES;
				CLANG_WARN_DIRECT_OBJC_ISA_USAGE = YES_ERROR;
				CLANG_WARN_DOCUMENTATION_COMMENTS = YES;
				CLANG_WARN_EMPTY_BODY = YES;
				CLANG_WARN_ENUM_CONVERSION = YES;
				CLANG_WARN_INFINITE_RECURSION = YES;
				CLANG_WARN_INT_CONVERSION = YES;
				CLANG_WARN_OBJC_ROOT_CLASS = YES_ERROR;
				CLANG_WARN_SUSPICIOUS_MOVE = YES;
				CLANG_WARN_UNREACHABLE_CODE = YES;
				CLANG_WARN__DUPLICATE_METHOD_MATCH = YES;
				"CODE_SIGN_IDENTITY[sdk=iphoneos*]" = "iPhone Developer";
				COPY_PHASE_STRIP = NO;
				CURRENT_PROJECT_VERSION = 1;
				DEBUG_INFORMATION_FORMAT = "dwarf-with-dsym";
				ENABLE_NS_ASSERTIONS = NO;
				ENABLE_STRICT_OBJC_MSGSEND = YES;
				GCC_C_LANGUAGE_STANDARD = gnu99;
				GCC_NO_COMMON_BLOCKS = YES;
				GCC_WARN_64_TO_32_BIT_CONVERSION = YES;
				GCC_WARN_ABOUT_RETURN_TYPE = YES_ERROR;
				GCC_WARN_UNDECLARED_SELECTOR = YES;
				GCC_WARN_UNINITIALIZED_AUTOS = YES_AGGRESSIVE;
				GCC_WARN_UNUSED_FUNCTION = YES;
				GCC_WARN_UNUSED_VARIABLE = YES;
				IPHONEOS_DEPLOYMENT_TARGET = 10.2;
				MTL_ENABLE_DEBUG_INFO = NO;
				SDKROOT = iphoneos;
				SWIFT_OPTIMIZATION_LEVEL = "-Owholemodule";
				TARGETED_DEVICE_FAMILY = "1,2";
				VALIDATE_PRODUCT = YES;
				VERSIONING_SYSTEM = "apple-generic";
				VERSION_INFO_PREFIX = "";
			};
			name = Release;
		};
		FF29BB8C1E800C9C006A08E7 /* Debug */ = {
			isa = XCBuildConfiguration;
			buildSettings = {
				CLANG_ENABLE_MODULES = YES;
				CODE_SIGN_IDENTITY = "";
				DEFINES_MODULE = YES;
				DEVELOPMENT_TEAM = 5F9CYF5K3F;
				DYLIB_COMPATIBILITY_VERSION = 1;
				DYLIB_CURRENT_VERSION = 1;
				DYLIB_INSTALL_NAME_BASE = "@rpath";
				INFOPLIST_FILE = GameControls/Info.plist;
				INSTALL_PATH = "$(LOCAL_LIBRARY_DIR)/Frameworks";
				IPHONEOS_DEPLOYMENT_TARGET = 8.0;
				LD_RUNPATH_SEARCH_PATHS = "$(inherited) @executable_path/Frameworks @loader_path/Frameworks";
				PRODUCT_BUNDLE_IDENTIFIER = mobi.dogstar.GameControls;
				PRODUCT_NAME = "$(TARGET_NAME)";
				SKIP_INSTALL = YES;
				SWIFT_OPTIMIZATION_LEVEL = "-Onone";
				SWIFT_VERSION = 3.0;
			};
			name = Debug;
		};
		FF29BB8D1E800C9C006A08E7 /* Release */ = {
			isa = XCBuildConfiguration;
			buildSettings = {
				CLANG_ENABLE_MODULES = YES;
				CODE_SIGN_IDENTITY = "";
				DEFINES_MODULE = YES;
				DEVELOPMENT_TEAM = 5F9CYF5K3F;
				DYLIB_COMPATIBILITY_VERSION = 1;
				DYLIB_CURRENT_VERSION = 1;
				DYLIB_INSTALL_NAME_BASE = "@rpath";
				INFOPLIST_FILE = GameControls/Info.plist;
				INSTALL_PATH = "$(LOCAL_LIBRARY_DIR)/Frameworks";
				IPHONEOS_DEPLOYMENT_TARGET = 8.0;
				LD_RUNPATH_SEARCH_PATHS = "$(inherited) @executable_path/Frameworks @loader_path/Frameworks";
				PRODUCT_BUNDLE_IDENTIFIER = mobi.dogstar.GameControls;
				PRODUCT_NAME = "$(TARGET_NAME)";
				SKIP_INSTALL = YES;
				SWIFT_VERSION = 3.0;
			};
			name = Release;
		};
		FF29BBAE1E813BC7006A08E7 /* Debug */ = {
			isa = XCBuildConfiguration;
			buildSettings = {
				ALWAYS_EMBED_SWIFT_STANDARD_LIBRARIES = YES;
				ASSETCATALOG_COMPILER_APPICON_NAME = AppIcon;
				DEVELOPMENT_TEAM = 5F9CYF5K3F;
				INFOPLIST_FILE = GameControlsTestRig/Info.plist;
				IPHONEOS_DEPLOYMENT_TARGET = 8.0;
				LD_RUNPATH_SEARCH_PATHS = "$(inherited) @executable_path/Frameworks";
				PRODUCT_BUNDLE_IDENTIFIER = mobi.dogstar.GameControlsTestRig;
				PRODUCT_NAME = "$(TARGET_NAME)";
				SWIFT_VERSION = 3.0;
			};
			name = Debug;
		};
		FF29BBAF1E813BC7006A08E7 /* Release */ = {
			isa = XCBuildConfiguration;
			buildSettings = {
				ALWAYS_EMBED_SWIFT_STANDARD_LIBRARIES = YES;
				ASSETCATALOG_COMPILER_APPICON_NAME = AppIcon;
				DEVELOPMENT_TEAM = 5F9CYF5K3F;
				INFOPLIST_FILE = GameControlsTestRig/Info.plist;
				IPHONEOS_DEPLOYMENT_TARGET = 8.0;
				LD_RUNPATH_SEARCH_PATHS = "$(inherited) @executable_path/Frameworks";
				PRODUCT_BUNDLE_IDENTIFIER = mobi.dogstar.GameControlsTestRig;
				PRODUCT_NAME = "$(TARGET_NAME)";
				SWIFT_VERSION = 3.0;
			};
			name = Release;
		};
		FF29BBC41E828E12006A08E7 /* Debug */ = {
			isa = XCBuildConfiguration;
			buildSettings = {
				DEVELOPMENT_TEAM = 5F9CYF5K3F;
				INFOPLIST_FILE = GameControlsTests/Info.plist;
				LD_RUNPATH_SEARCH_PATHS = "$(inherited) @executable_path/Frameworks @loader_path/Frameworks";
				PRODUCT_BUNDLE_IDENTIFIER = mobi.dogstar.GameControlsTests;
				PRODUCT_NAME = "$(TARGET_NAME)";
				SWIFT_VERSION = 3.0;
			};
			name = Debug;
		};
		FF29BBC51E828E12006A08E7 /* Release */ = {
			isa = XCBuildConfiguration;
			buildSettings = {
				DEVELOPMENT_TEAM = 5F9CYF5K3F;
				INFOPLIST_FILE = GameControlsTests/Info.plist;
				LD_RUNPATH_SEARCH_PATHS = "$(inherited) @executable_path/Frameworks @loader_path/Frameworks";
				PRODUCT_BUNDLE_IDENTIFIER = mobi.dogstar.GameControlsTests;
				PRODUCT_NAME = "$(TARGET_NAME)";
				SWIFT_VERSION = 3.0;
			};
			name = Release;
		};
/* End XCBuildConfiguration section */

/* Begin XCConfigurationList section */
		FF29BB7D1E800C9C006A08E7 /* Build configuration list for PBXProject "GameControls" */ = {
			isa = XCConfigurationList;
			buildConfigurations = (
				FF29BB891E800C9C006A08E7 /* Debug */,
				FF29BB8A1E800C9C006A08E7 /* Release */,
			);
			defaultConfigurationIsVisible = 0;
			defaultConfigurationName = Release;
		};
		FF29BB8B1E800C9C006A08E7 /* Build configuration list for PBXNativeTarget "GameControls" */ = {
			isa = XCConfigurationList;
			buildConfigurations = (
				FF29BB8C1E800C9C006A08E7 /* Debug */,
				FF29BB8D1E800C9C006A08E7 /* Release */,
			);
			defaultConfigurationIsVisible = 0;
		};
		FF29BBAD1E813BC7006A08E7 /* Build configuration list for PBXNativeTarget "GameControlsTestRig" */ = {
			isa = XCConfigurationList;
			buildConfigurations = (
				FF29BBAE1E813BC7006A08E7 /* Debug */,
				FF29BBAF1E813BC7006A08E7 /* Release */,
			);
			defaultConfigurationIsVisible = 0;
		};
		FF29BBC31E828E12006A08E7 /* Build configuration list for PBXNativeTarget "GameControlsTests" */ = {
			isa = XCConfigurationList;
			buildConfigurations = (
				FF29BBC41E828E12006A08E7 /* Debug */,
				FF29BBC51E828E12006A08E7 /* Release */,
			);
			defaultConfigurationIsVisible = 0;
		};
/* End XCConfigurationList section */
	};
	rootObject = FF29BB7A1E800C9C006A08E7 /* Project object */;
}
