// !$*UTF8*$!
{
	archiveVersion = 1;
	classes = {
	};
	objectVersion = 46;
	objects = {

/* Begin PBXBuildFile section */
		DA1D0EAE19DAE3F400E6B66A /* Graphics.h in Headers */ = {isa = PBXBuildFile; fileRef = DA1D0EAD19DAE3F400E6B66A /* Graphics.h */; settings = {ATTRIBUTES = (Public, ); }; };
		DA1D0EB819DAE3F400E6B66A /* GraphicsTests.swift in Sources */ = {isa = PBXBuildFile; fileRef = DA1D0EB719DAE3F400E6B66A /* GraphicsTests.swift */; };
		DA1D0EC219DAE46F00E6B66A /* GLView.swift in Sources */ = {isa = PBXBuildFile; fileRef = DA1D0EC119DAE46F00E6B66A /* GLView.swift */; };
		DA1D0EC419DAF13D00E6B66A /* GLDrawContext.swift in Sources */ = {isa = PBXBuildFile; fileRef = DA1D0EC319DAF13D00E6B66A /* GLDrawContext.swift */; };
/* End PBXBuildFile section */

/* Begin PBXFileReference section */
		DA1D0EA819DAE3F400E6B66A /* Graphics.framework */ = {isa = PBXFileReference; explicitFileType = wrapper.framework; includeInIndex = 0; path = Graphics.framework; sourceTree = BUILT_PRODUCTS_DIR; };
		DA1D0EAC19DAE3F400E6B66A /* Info.plist */ = {isa = PBXFileReference; lastKnownFileType = text.plist.xml; path = Info.plist; sourceTree = "<group>"; };
		DA1D0EAD19DAE3F400E6B66A /* Graphics.h */ = {isa = PBXFileReference; lastKnownFileType = sourcecode.c.h; path = Graphics.h; sourceTree = "<group>"; };
		DA1D0EB319DAE3F400E6B66A /* GraphicsTests.xctest */ = {isa = PBXFileReference; explicitFileType = wrapper.cfbundle; includeInIndex = 0; path = GraphicsTests.xctest; sourceTree = BUILT_PRODUCTS_DIR; };
		DA1D0EB619DAE3F400E6B66A /* Info.plist */ = {isa = PBXFileReference; lastKnownFileType = text.plist.xml; path = Info.plist; sourceTree = "<group>"; };
		DA1D0EB719DAE3F400E6B66A /* GraphicsTests.swift */ = {isa = PBXFileReference; lastKnownFileType = sourcecode.swift; path = GraphicsTests.swift; sourceTree = "<group>"; };
		DA1D0EC119DAE46F00E6B66A /* GLView.swift */ = {isa = PBXFileReference; fileEncoding = 4; lastKnownFileType = sourcecode.swift; path = GLView.swift; sourceTree = "<group>"; };
		DA1D0EC319DAF13D00E6B66A /* GLDrawContext.swift */ = {isa = PBXFileReference; fileEncoding = 4; lastKnownFileType = sourcecode.swift; path = GLDrawContext.swift; sourceTree = "<group>"; };
/* End PBXFileReference section */

/* Begin PBXFrameworksBuildPhase section */
		DA1D0EA419DAE3F400E6B66A /* Frameworks */ = {
			isa = PBXFrameworksBuildPhase;
			buildActionMask = 2147483647;
			files = (
			);
			runOnlyForDeploymentPostprocessing = 0;
		};
		DA1D0EB019DAE3F400E6B66A /* Frameworks */ = {
			isa = PBXFrameworksBuildPhase;
			buildActionMask = 2147483647;
			files = (
			);
			runOnlyForDeploymentPostprocessing = 0;
		};
/* End PBXFrameworksBuildPhase section */

/* Begin PBXGroup section */
		DA1D0E9E19DAE3F400E6B66A = {
			isa = PBXGroup;
			children = (
				DA1D0EAA19DAE3F400E6B66A /* Graphics */,
				DA1D0EB419DAE3F400E6B66A /* GraphicsTests */,
				DA1D0EA919DAE3F400E6B66A /* Products */,
			);
			sourceTree = "<group>";
		};
		DA1D0EA919DAE3F400E6B66A /* Products */ = {
			isa = PBXGroup;
			children = (
				DA1D0EA819DAE3F400E6B66A /* Graphics.framework */,
				DA1D0EB319DAE3F400E6B66A /* GraphicsTests.xctest */,
			);
			name = Products;
			sourceTree = "<group>";
		};
		DA1D0EAA19DAE3F400E6B66A /* Graphics */ = {
			isa = PBXGroup;
			children = (
				DA1D0EC119DAE46F00E6B66A /* GLView.swift */,
				DA1D0EC319DAF13D00E6B66A /* GLDrawContext.swift */,
				DA1D0EAB19DAE3F400E6B66A /* Supporting Files */,
			);
			path = Graphics;
			sourceTree = "<group>";
		};
		DA1D0EAB19DAE3F400E6B66A /* Supporting Files */ = {
			isa = PBXGroup;
			children = (
				DA1D0EAD19DAE3F400E6B66A /* Graphics.h */,
				DA1D0EAC19DAE3F400E6B66A /* Info.plist */,
			);
			name = "Supporting Files";
			sourceTree = "<group>";
		};
		DA1D0EB419DAE3F400E6B66A /* GraphicsTests */ = {
			isa = PBXGroup;
			children = (
				DA1D0EB719DAE3F400E6B66A /* GraphicsTests.swift */,
				DA1D0EB519DAE3F400E6B66A /* Supporting Files */,
			);
			path = GraphicsTests;
			sourceTree = "<group>";
		};
		DA1D0EB519DAE3F400E6B66A /* Supporting Files */ = {
			isa = PBXGroup;
			children = (
				DA1D0EB619DAE3F400E6B66A /* Info.plist */,
			);
			name = "Supporting Files";
			sourceTree = "<group>";
		};
/* End PBXGroup section */

/* Begin PBXHeadersBuildPhase section */
		DA1D0EA519DAE3F400E6B66A /* Headers */ = {
			isa = PBXHeadersBuildPhase;
			buildActionMask = 2147483647;
			files = (
				DA1D0EAE19DAE3F400E6B66A /* Graphics.h in Headers */,
			);
			runOnlyForDeploymentPostprocessing = 0;
		};
/* End PBXHeadersBuildPhase section */

/* Begin PBXNativeTarget section */
		DA1D0EA719DAE3F400E6B66A /* Graphics */ = {
			isa = PBXNativeTarget;
			buildConfigurationList = DA1D0EBB19DAE3F400E6B66A /* Build configuration list for PBXNativeTarget "Graphics" */;
			buildPhases = (
				DA1D0EA319DAE3F400E6B66A /* Sources */,
				DA1D0EA419DAE3F400E6B66A /* Frameworks */,
				DA1D0EA519DAE3F400E6B66A /* Headers */,
				DA1D0EA619DAE3F400E6B66A /* Resources */,
			);
			buildRules = (
			);
			dependencies = (
			);
			name = Graphics;
			productName = Graphics;
			productReference = DA1D0EA819DAE3F400E6B66A /* Graphics.framework */;
			productType = "com.apple.product-type.framework";
		};
		DA1D0EB219DAE3F400E6B66A /* GraphicsTests */ = {
			isa = PBXNativeTarget;
			buildConfigurationList = DA1D0EBE19DAE3F400E6B66A /* Build configuration list for PBXNativeTarget "GraphicsTests" */;
			buildPhases = (
				DA1D0EAF19DAE3F400E6B66A /* Sources */,
				DA1D0EB019DAE3F400E6B66A /* Frameworks */,
				DA1D0EB119DAE3F400E6B66A /* Resources */,
			);
			buildRules = (
			);
			dependencies = (
			);
			name = GraphicsTests;
			productName = GraphicsTests;
			productReference = DA1D0EB319DAE3F400E6B66A /* GraphicsTests.xctest */;
			productType = "com.apple.product-type.bundle.unit-test";
		};
/* End PBXNativeTarget section */

/* Begin PBXProject section */
		DA1D0E9F19DAE3F400E6B66A /* Project object */ = {
			isa = PBXProject;
			attributes = {
				LastUpgradeCheck = 0600;
				ORGANIZATIONNAME = "Dogstar Industries";
				TargetAttributes = {
					DA1D0EA719DAE3F400E6B66A = {
						CreatedOnToolsVersion = 6.0.1;
					};
					DA1D0EB219DAE3F400E6B66A = {
						CreatedOnToolsVersion = 6.0.1;
					};
				};
			};
			buildConfigurationList = DA1D0EA219DAE3F400E6B66A /* Build configuration list for PBXProject "Graphics" */;
			compatibilityVersion = "Xcode 3.2";
			developmentRegion = English;
			hasScannedForEncodings = 0;
			knownRegions = (
				en,
			);
			mainGroup = DA1D0E9E19DAE3F400E6B66A;
			productRefGroup = DA1D0EA919DAE3F400E6B66A /* Products */;
			projectDirPath = "";
			projectRoot = "";
			targets = (
				DA1D0EA719DAE3F400E6B66A /* Graphics */,
				DA1D0EB219DAE3F400E6B66A /* GraphicsTests */,
			);
		};
/* End PBXProject section */

/* Begin PBXResourcesBuildPhase section */
		DA1D0EA619DAE3F400E6B66A /* Resources */ = {
			isa = PBXResourcesBuildPhase;
			buildActionMask = 2147483647;
			files = (
			);
			runOnlyForDeploymentPostprocessing = 0;
		};
		DA1D0EB119DAE3F400E6B66A /* Resources */ = {
			isa = PBXResourcesBuildPhase;
			buildActionMask = 2147483647;
			files = (
			);
			runOnlyForDeploymentPostprocessing = 0;
		};
/* End PBXResourcesBuildPhase section */

/* Begin PBXSourcesBuildPhase section */
		DA1D0EA319DAE3F400E6B66A /* Sources */ = {
			isa = PBXSourcesBuildPhase;
			buildActionMask = 2147483647;
			files = (
				DA1D0EC419DAF13D00E6B66A /* GLDrawContext.swift in Sources */,
				DA1D0EC219DAE46F00E6B66A /* GLView.swift in Sources */,
			);
			runOnlyForDeploymentPostprocessing = 0;
		};
		DA1D0EAF19DAE3F400E6B66A /* Sources */ = {
			isa = PBXSourcesBuildPhase;
			buildActionMask = 2147483647;
			files = (
				DA1D0EB819DAE3F400E6B66A /* GraphicsTests.swift in Sources */,
			);
			runOnlyForDeploymentPostprocessing = 0;
		};
/* End PBXSourcesBuildPhase section */

/* Begin XCBuildConfiguration section */
		DA1D0EB919DAE3F400E6B66A /* Debug */ = {
			isa = XCBuildConfiguration;
			buildSettings = {
				ALWAYS_SEARCH_USER_PATHS = NO;
				CLANG_CXX_LANGUAGE_STANDARD = "gnu++0x";
				CLANG_CXX_LIBRARY = "libc++";
				CLANG_ENABLE_MODULES = YES;
				CLANG_ENABLE_OBJC_ARC = YES;
				CLANG_WARN_BOOL_CONVERSION = YES;
				CLANG_WARN_CONSTANT_CONVERSION = YES;
				CLANG_WARN_DIRECT_OBJC_ISA_USAGE = YES_ERROR;
				CLANG_WARN_EMPTY_BODY = YES;
				CLANG_WARN_ENUM_CONVERSION = YES;
				CLANG_WARN_INT_CONVERSION = YES;
				CLANG_WARN_OBJC_ROOT_CLASS = YES_ERROR;
				CLANG_WARN_UNREACHABLE_CODE = YES;
				CLANG_WARN__DUPLICATE_METHOD_MATCH = YES;
				"CODE_SIGN_IDENTITY[sdk=iphoneos*]" = "iPhone Developer";
				COPY_PHASE_STRIP = NO;
				CURRENT_PROJECT_VERSION = 1;
				ENABLE_STRICT_OBJC_MSGSEND = YES;
				GCC_C_LANGUAGE_STANDARD = gnu99;
				GCC_DYNAMIC_NO_PIC = NO;
				GCC_OPTIMIZATION_LEVEL = 0;
				GCC_PREPROCESSOR_DEFINITIONS = (
					"DEBUG=1",
					"$(inherited)",
				);
				GCC_SYMBOLS_PRIVATE_EXTERN = NO;
				GCC_WARN_64_TO_32_BIT_CONVERSION = YES;
				GCC_WARN_ABOUT_RETURN_TYPE = YES_ERROR;
				GCC_WARN_UNDECLARED_SELECTOR = YES;
				GCC_WARN_UNINITIALIZED_AUTOS = YES_AGGRESSIVE;
				GCC_WARN_UNUSED_FUNCTION = YES;
				GCC_WARN_UNUSED_VARIABLE = YES;
				IPHONEOS_DEPLOYMENT_TARGET = 8.0;
				MTL_ENABLE_DEBUG_INFO = YES;
				ONLY_ACTIVE_ARCH = YES;
				SDKROOT = iphoneos;
				SWIFT_OPTIMIZATION_LEVEL = "-Onone";
				TARGETED_DEVICE_FAMILY = "1,2";
				VERSIONING_SYSTEM = "apple-generic";
				VERSION_INFO_PREFIX = "";
			};
			name = Debug;
		};
		DA1D0EBA19DAE3F400E6B66A /* Release */ = {
			isa = XCBuildConfiguration;
			buildSettings = {
				ALWAYS_SEARCH_USER_PATHS = NO;
				CLANG_CXX_LANGUAGE_STANDARD = "gnu++0x";
				CLANG_CXX_LIBRARY = "libc++";
				CLANG_ENABLE_MODULES = YES;
				CLANG_ENABLE_OBJC_ARC = YES;
				CLANG_WARN_BOOL_CONVERSION = YES;
				CLANG_WARN_CONSTANT_CONVERSION = YES;
				CLANG_WARN_DIRECT_OBJC_ISA_USAGE = YES_ERROR;
				CLANG_WARN_EMPTY_BODY = YES;
				CLANG_WARN_ENUM_CONVERSION = YES;
				CLANG_WARN_INT_CONVERSION = YES;
				CLANG_WARN_OBJC_ROOT_CLASS = YES_ERROR;
				CLANG_WARN_UNREACHABLE_CODE = YES;
				CLANG_WARN__DUPLICATE_METHOD_MATCH = YES;
				"CODE_SIGN_IDENTITY[sdk=iphoneos*]" = "iPhone Developer";
				COPY_PHASE_STRIP = YES;
				CURRENT_PROJECT_VERSION = 1;
				ENABLE_NS_ASSERTIONS = NO;
				ENABLE_STRICT_OBJC_MSGSEND = YES;
				GCC_C_LANGUAGE_STANDARD = gnu99;
				GCC_WARN_64_TO_32_BIT_CONVERSION = YES;
				GCC_WARN_ABOUT_RETURN_TYPE = YES_ERROR;
				GCC_WARN_UNDECLARED_SELECTOR = YES;
				GCC_WARN_UNINITIALIZED_AUTOS = YES_AGGRESSIVE;
				GCC_WARN_UNUSED_FUNCTION = YES;
				GCC_WARN_UNUSED_VARIABLE = YES;
				IPHONEOS_DEPLOYMENT_TARGET = 8.0;
				MTL_ENABLE_DEBUG_INFO = NO;
				SDKROOT = iphoneos;
				TARGETED_DEVICE_FAMILY = "1,2";
				VALIDATE_PRODUCT = YES;
				VERSIONING_SYSTEM = "apple-generic";
				VERSION_INFO_PREFIX = "";
			};
			name = Release;
		};
		DA1D0EBC19DAE3F400E6B66A /* Debug */ = {
			isa = XCBuildConfiguration;
			buildSettings = {
				CLANG_ENABLE_MODULES = YES;
				DEFINES_MODULE = YES;
				DYLIB_COMPATIBILITY_VERSION = 1;
				DYLIB_CURRENT_VERSION = 1;
				DYLIB_INSTALL_NAME_BASE = "@rpath";
				INFOPLIST_FILE = Graphics/Info.plist;
				INSTALL_PATH = "$(LOCAL_LIBRARY_DIR)/Frameworks";
				IPHONEOS_DEPLOYMENT_TARGET = 8.0;
				LD_RUNPATH_SEARCH_PATHS = "$(inherited) @executable_path/Frameworks @loader_path/Frameworks";
				PRODUCT_NAME = "$(TARGET_NAME)";
				SKIP_INSTALL = YES;
				SWIFT_OPTIMIZATION_LEVEL = "-Onone";
				TARGETED_DEVICE_FAMILY = "1,2";
			};
			name = Debug;
		};
		DA1D0EBD19DAE3F400E6B66A /* Release */ = {
			isa = XCBuildConfiguration;
			buildSettings = {
				CLANG_ENABLE_MODULES = YES;
				DEFINES_MODULE = YES;
				DYLIB_COMPATIBILITY_VERSION = 1;
				DYLIB_CURRENT_VERSION = 1;
				DYLIB_INSTALL_NAME_BASE = "@rpath";
				INFOPLIST_FILE = Graphics/Info.plist;
				INSTALL_PATH = "$(LOCAL_LIBRARY_DIR)/Frameworks";
				IPHONEOS_DEPLOYMENT_TARGET = 8.0;
				LD_RUNPATH_SEARCH_PATHS = "$(inherited) @executable_path/Frameworks @loader_path/Frameworks";
				PRODUCT_NAME = "$(TARGET_NAME)";
				SKIP_INSTALL = YES;
				TARGETED_DEVICE_FAMILY = "1,2";
			};
			name = Release;
		};
		DA1D0EBF19DAE3F400E6B66A /* Debug */ = {
			isa = XCBuildConfiguration;
			buildSettings = {
				FRAMEWORK_SEARCH_PATHS = (
					"$(SDKROOT)/Developer/Library/Frameworks",
					"$(inherited)",
				);
				GCC_PREPROCESSOR_DEFINITIONS = (
					"DEBUG=1",
					"$(inherited)",
				);
				INFOPLIST_FILE = GraphicsTests/Info.plist;
				LD_RUNPATH_SEARCH_PATHS = "$(inherited) @executable_path/Frameworks @loader_path/Frameworks";
				PRODUCT_NAME = "$(TARGET_NAME)";
			};
			name = Debug;
		};
		DA1D0EC019DAE3F400E6B66A /* Release */ = {
			isa = XCBuildConfiguration;
			buildSettings = {
				FRAMEWORK_SEARCH_PATHS = (
					"$(SDKROOT)/Developer/Library/Frameworks",
					"$(inherited)",
				);
				INFOPLIST_FILE = GraphicsTests/Info.plist;
				LD_RUNPATH_SEARCH_PATHS = "$(inherited) @executable_path/Frameworks @loader_path/Frameworks";
				PRODUCT_NAME = "$(TARGET_NAME)";
			};
			name = Release;
		};
/* End XCBuildConfiguration section */

/* Begin XCConfigurationList section */
		DA1D0EA219DAE3F400E6B66A /* Build configuration list for PBXProject "Graphics" */ = {
			isa = XCConfigurationList;
			buildConfigurations = (
				DA1D0EB919DAE3F400E6B66A /* Debug */,
				DA1D0EBA19DAE3F400E6B66A /* Release */,
			);
			defaultConfigurationIsVisible = 0;
			defaultConfigurationName = Release;
		};
		DA1D0EBB19DAE3F400E6B66A /* Build configuration list for PBXNativeTarget "Graphics" */ = {
			isa = XCConfigurationList;
			buildConfigurations = (
				DA1D0EBC19DAE3F400E6B66A /* Debug */,
				DA1D0EBD19DAE3F400E6B66A /* Release */,
			);
			defaultConfigurationIsVisible = 0;
			defaultConfigurationName = Release;
		};
		DA1D0EBE19DAE3F400E6B66A /* Build configuration list for PBXNativeTarget "GraphicsTests" */ = {
			isa = XCConfigurationList;
			buildConfigurations = (
				DA1D0EBF19DAE3F400E6B66A /* Debug */,
				DA1D0EC019DAE3F400E6B66A /* Release */,
			);
			defaultConfigurationIsVisible = 0;
			defaultConfigurationName = Release;
		};
/* End XCConfigurationList section */
	};
	rootObject = DA1D0E9F19DAE3F400E6B66A /* Project object */;
}
